// !$*UTF8*$!
{
	archiveVersion = 1;
	classes = {
	};
	objectVersion = 50;
	objects = {

/* Begin PBXBuildFile section */
		343B9E0E24B135DE000C10C8 /* MoviesAppApp.swift in Sources */ = {isa = PBXBuildFile; fileRef = 343B9DFB24B135DC000C10C8 /* MoviesAppApp.swift */; };
		343B9E0F24B135DE000C10C8 /* MoviesAppApp.swift in Sources */ = {isa = PBXBuildFile; fileRef = 343B9DFB24B135DC000C10C8 /* MoviesAppApp.swift */; };
		343B9E1024B135DE000C10C8 /* ContentView.swift in Sources */ = {isa = PBXBuildFile; fileRef = 343B9DFC24B135DC000C10C8 /* ContentView.swift */; };
		343B9E1124B135DE000C10C8 /* ContentView.swift in Sources */ = {isa = PBXBuildFile; fileRef = 343B9DFC24B135DC000C10C8 /* ContentView.swift */; };
		343B9E1224B135DE000C10C8 /* Assets.xcassets in Resources */ = {isa = PBXBuildFile; fileRef = 343B9DFD24B135DE000C10C8 /* Assets.xcassets */; };
		343B9E1324B135DE000C10C8 /* Assets.xcassets in Resources */ = {isa = PBXBuildFile; fileRef = 343B9DFD24B135DE000C10C8 /* Assets.xcassets */; };
		343B9E1D24B136D2000C10C8 /* MovieStore.swift in Sources */ = {isa = PBXBuildFile; fileRef = 343B9E1C24B136D2000C10C8 /* MovieStore.swift */; };
		343B9E1E24B136D2000C10C8 /* MovieStore.swift in Sources */ = {isa = PBXBuildFile; fileRef = 343B9E1C24B136D2000C10C8 /* MovieStore.swift */; };
		343B9E2024B139EA000C10C8 /* ImageLoader.swift in Sources */ = {isa = PBXBuildFile; fileRef = 343B9E1F24B139EA000C10C8 /* ImageLoader.swift */; };
		343B9E2124B139EA000C10C8 /* ImageLoader.swift in Sources */ = {isa = PBXBuildFile; fileRef = 343B9E1F24B139EA000C10C8 /* ImageLoader.swift */; };
		343B9E2324B13A01000C10C8 /* URLImage.swift in Sources */ = {isa = PBXBuildFile; fileRef = 343B9E2224B13A01000C10C8 /* URLImage.swift */; };
		343B9E2424B13A01000C10C8 /* URLImage.swift in Sources */ = {isa = PBXBuildFile; fileRef = 343B9E2224B13A01000C10C8 /* URLImage.swift */; };
/* End PBXBuildFile section */

/* Begin PBXFileReference section */
		343B9DFB24B135DC000C10C8 /* MoviesAppApp.swift */ = {isa = PBXFileReference; lastKnownFileType = sourcecode.swift; path = MoviesAppApp.swift; sourceTree = "<group>"; };
		343B9DFC24B135DC000C10C8 /* ContentView.swift */ = {isa = PBXFileReference; lastKnownFileType = sourcecode.swift; path = ContentView.swift; sourceTree = "<group>"; };
		343B9DFD24B135DE000C10C8 /* Assets.xcassets */ = {isa = PBXFileReference; lastKnownFileType = folder.assetcatalog; path = Assets.xcassets; sourceTree = "<group>"; };
		343B9E0224B135DE000C10C8 /* MoviesApp.app */ = {isa = PBXFileReference; explicitFileType = wrapper.application; includeInIndex = 0; path = MoviesApp.app; sourceTree = BUILT_PRODUCTS_DIR; };
		343B9E0524B135DE000C10C8 /* Info.plist */ = {isa = PBXFileReference; lastKnownFileType = text.plist.xml; path = Info.plist; sourceTree = "<group>"; };
		343B9E0A24B135DE000C10C8 /* MoviesApp.app */ = {isa = PBXFileReference; explicitFileType = wrapper.application; includeInIndex = 0; path = MoviesApp.app; sourceTree = BUILT_PRODUCTS_DIR; };
		343B9E0C24B135DE000C10C8 /* Info.plist */ = {isa = PBXFileReference; lastKnownFileType = text.plist.xml; path = Info.plist; sourceTree = "<group>"; };
		343B9E0D24B135DE000C10C8 /* macOS.entitlements */ = {isa = PBXFileReference; lastKnownFileType = text.plist.entitlements; path = macOS.entitlements; sourceTree = "<group>"; };
		343B9E1C24B136D2000C10C8 /* MovieStore.swift */ = {isa = PBXFileReference; lastKnownFileType = sourcecode.swift; path = MovieStore.swift; sourceTree = "<group>"; };
		343B9E1F24B139EA000C10C8 /* ImageLoader.swift */ = {isa = PBXFileReference; lastKnownFileType = sourcecode.swift; path = ImageLoader.swift; sourceTree = "<group>"; };
		343B9E2224B13A01000C10C8 /* URLImage.swift */ = {isa = PBXFileReference; lastKnownFileType = sourcecode.swift; path = URLImage.swift; sourceTree = "<group>"; };
/* End PBXFileReference section */

/* Begin PBXFrameworksBuildPhase section */
		343B9DFF24B135DE000C10C8 /* Frameworks */ = {
			isa = PBXFrameworksBuildPhase;
			buildActionMask = 2147483647;
			files = (
			);
			runOnlyForDeploymentPostprocessing = 0;
		};
		343B9E0724B135DE000C10C8 /* Frameworks */ = {
			isa = PBXFrameworksBuildPhase;
			buildActionMask = 2147483647;
			files = (
			);
			runOnlyForDeploymentPostprocessing = 0;
		};
/* End PBXFrameworksBuildPhase section */

/* Begin PBXGroup section */
		343B9DF524B135DC000C10C8 = {
			isa = PBXGroup;
			children = (
				343B9DFA24B135DC000C10C8 /* Shared */,
				343B9E0424B135DE000C10C8 /* iOS */,
				343B9E0B24B135DE000C10C8 /* macOS */,
				343B9E0324B135DE000C10C8 /* Products */,
			);
			sourceTree = "<group>";
		};
		343B9DFA24B135DC000C10C8 /* Shared */ = {
			isa = PBXGroup;
			children = (
				343B9DFB24B135DC000C10C8 /* MoviesAppApp.swift */,
				343B9E1C24B136D2000C10C8 /* MovieStore.swift */,
				343B9E1F24B139EA000C10C8 /* ImageLoader.swift */,
				343B9E2224B13A01000C10C8 /* URLImage.swift */,
				343B9DFC24B135DC000C10C8 /* ContentView.swift */,
				343B9DFD24B135DE000C10C8 /* Assets.xcassets */,
			);
			path = Shared;
			sourceTree = "<group>";
		};
		343B9E0324B135DE000C10C8 /* Products */ = {
			isa = PBXGroup;
			children = (
				343B9E0224B135DE000C10C8 /* MoviesApp.app */,
				343B9E0A24B135DE000C10C8 /* MoviesApp.app */,
			);
			name = Products;
			sourceTree = "<group>";
		};
		343B9E0424B135DE000C10C8 /* iOS */ = {
			isa = PBXGroup;
			children = (
				343B9E0524B135DE000C10C8 /* Info.plist */,
			);
			path = iOS;
			sourceTree = "<group>";
		};
		343B9E0B24B135DE000C10C8 /* macOS */ = {
			isa = PBXGroup;
			children = (
				343B9E0C24B135DE000C10C8 /* Info.plist */,
				343B9E0D24B135DE000C10C8 /* macOS.entitlements */,
			);
			path = macOS;
			sourceTree = "<group>";
		};
/* End PBXGroup section */

/* Begin PBXNativeTarget section */
		343B9E0124B135DE000C10C8 /* iOS */ = {
			isa = PBXNativeTarget;
			buildConfigurationList = 343B9E1624B135DE000C10C8 /* Build configuration list for PBXNativeTarget "iOS" */;
			buildPhases = (
				343B9DFE24B135DE000C10C8 /* Sources */,
				343B9DFF24B135DE000C10C8 /* Frameworks */,
				343B9E0024B135DE000C10C8 /* Resources */,
			);
			buildRules = (
			);
			dependencies = (
			);
			name = iOS;
			productName = iOS;
			productReference = 343B9E0224B135DE000C10C8 /* MoviesApp.app */;
			productType = "com.apple.product-type.application";
		};
		343B9E0924B135DE000C10C8 /* macOS */ = {
			isa = PBXNativeTarget;
			buildConfigurationList = 343B9E1924B135DE000C10C8 /* Build configuration list for PBXNativeTarget "macOS" */;
			buildPhases = (
				343B9E0624B135DE000C10C8 /* Sources */,
				343B9E0724B135DE000C10C8 /* Frameworks */,
				343B9E0824B135DE000C10C8 /* Resources */,
			);
			buildRules = (
			);
			dependencies = (
			);
			name = macOS;
			productName = macOS;
			productReference = 343B9E0A24B135DE000C10C8 /* MoviesApp.app */;
			productType = "com.apple.product-type.application";
		};
/* End PBXNativeTarget section */

/* Begin PBXProject section */
		343B9DF624B135DC000C10C8 /* Project object */ = {
			isa = PBXProject;
			attributes = {
				LastSwiftUpdateCheck = 1200;
				LastUpgradeCheck = 1200;
				TargetAttributes = {
					343B9E0124B135DE000C10C8 = {
						CreatedOnToolsVersion = 12.0;
					};
					343B9E0924B135DE000C10C8 = {
						CreatedOnToolsVersion = 12.0;
					};
				};
			};
			buildConfigurationList = 343B9DF924B135DC000C10C8 /* Build configuration list for PBXProject "MoviesApp" */;
			compatibilityVersion = "Xcode 9.3";
			developmentRegion = en;
			hasScannedForEncodings = 0;
			knownRegions = (
				en,
				Base,
			);
			mainGroup = 343B9DF524B135DC000C10C8;
			productRefGroup = 343B9E0324B135DE000C10C8 /* Products */;
			projectDirPath = "";
			projectRoot = "";
			targets = (
				343B9E0124B135DE000C10C8 /* iOS */,
				343B9E0924B135DE000C10C8 /* macOS */,
			);
		};
/* End PBXProject section */

/* Begin PBXResourcesBuildPhase section */
		343B9E0024B135DE000C10C8 /* Resources */ = {
			isa = PBXResourcesBuildPhase;
			buildActionMask = 2147483647;
			files = (
				343B9E1224B135DE000C10C8 /* Assets.xcassets in Resources */,
			);
			runOnlyForDeploymentPostprocessing = 0;
		};
		343B9E0824B135DE000C10C8 /* Resources */ = {
			isa = PBXResourcesBuildPhase;
			buildActionMask = 2147483647;
			files = (
				343B9E1324B135DE000C10C8 /* Assets.xcassets in Resources */,
			);
			runOnlyForDeploymentPostprocessing = 0;
		};
/* End PBXResourcesBuildPhase section */

/* Begin PBXSourcesBuildPhase section */
		343B9DFE24B135DE000C10C8 /* Sources */ = {
			isa = PBXSourcesBuildPhase;
			buildActionMask = 2147483647;
			files = (
				343B9E1024B135DE000C10C8 /* ContentView.swift in Sources */,
				343B9E1D24B136D2000C10C8 /* MovieStore.swift in Sources */,
				343B9E2024B139EA000C10C8 /* ImageLoader.swift in Sources */,
				343B9E2324B13A01000C10C8 /* URLImage.swift in Sources */,
				343B9E0E24B135DE000C10C8 /* MoviesAppApp.swift in Sources */,
			);
			runOnlyForDeploymentPostprocessing = 0;
		};
		343B9E0624B135DE000C10C8 /* Sources */ = {
			isa = PBXSourcesBuildPhase;
			buildActionMask = 2147483647;
			files = (
				343B9E1124B135DE000C10C8 /* ContentView.swift in Sources */,
				343B9E1E24B136D2000C10C8 /* MovieStore.swift in Sources */,
				343B9E2124B139EA000C10C8 /* ImageLoader.swift in Sources */,
				343B9E2424B13A01000C10C8 /* URLImage.swift in Sources */,
				343B9E0F24B135DE000C10C8 /* MoviesAppApp.swift in Sources */,
			);
			runOnlyForDeploymentPostprocessing = 0;
		};
/* End PBXSourcesBuildPhase section */

/* Begin XCBuildConfiguration section */
		343B9E1424B135DE000C10C8 /* Debug */ = {
			isa = XCBuildConfiguration;
			buildSettings = {
				ALWAYS_SEARCH_USER_PATHS = NO;
				CLANG_ANALYZER_NONNULL = YES;
				CLANG_ANALYZER_NUMBER_OBJECT_CONVERSION = YES_AGGRESSIVE;
				CLANG_CXX_LANGUAGE_STANDARD = "gnu++14";
				CLANG_CXX_LIBRARY = "libc++";
				CLANG_ENABLE_MODULES = YES;
				CLANG_ENABLE_OBJC_ARC = YES;
				CLANG_ENABLE_OBJC_WEAK = YES;
				CLANG_WARN_BLOCK_CAPTURE_AUTORELEASING = YES;
				CLANG_WARN_BOOL_CONVERSION = YES;
				CLANG_WARN_COMMA = YES;
				CLANG_WARN_CONSTANT_CONVERSION = YES;
				CLANG_WARN_DEPRECATED_OBJC_IMPLEMENTATIONS = YES;
				CLANG_WARN_DIRECT_OBJC_ISA_USAGE = YES_ERROR;
				CLANG_WARN_DOCUMENTATION_COMMENTS = YES;
				CLANG_WARN_EMPTY_BODY = YES;
				CLANG_WARN_ENUM_CONVERSION = YES;
				CLANG_WARN_INFINITE_RECURSION = YES;
				CLANG_WARN_INT_CONVERSION = YES;
				CLANG_WARN_NON_LITERAL_NULL_CONVERSION = YES;
				CLANG_WARN_OBJC_IMPLICIT_RETAIN_SELF = YES;
				CLANG_WARN_OBJC_LITERAL_CONVERSION = YES;
				CLANG_WARN_OBJC_ROOT_CLASS = YES_ERROR;
				CLANG_WARN_QUOTED_INCLUDE_IN_FRAMEWORK_HEADER = YES;
				CLANG_WARN_RANGE_LOOP_ANALYSIS = YES;
				CLANG_WARN_STRICT_PROTOTYPES = YES;
				CLANG_WARN_SUSPICIOUS_MOVE = YES;
				CLANG_WARN_UNGUARDED_AVAILABILITY = YES_AGGRESSIVE;
				CLANG_WARN_UNREACHABLE_CODE = YES;
				CLANG_WARN__DUPLICATE_METHOD_MATCH = YES;
				COPY_PHASE_STRIP = NO;
				DEBUG_INFORMATION_FORMAT = dwarf;
				ENABLE_STRICT_OBJC_MSGSEND = YES;
				ENABLE_TESTABILITY = YES;
				GCC_C_LANGUAGE_STANDARD = gnu11;
				GCC_DYNAMIC_NO_PIC = NO;
				GCC_NO_COMMON_BLOCKS = YES;
				GCC_OPTIMIZATION_LEVEL = 0;
				GCC_PREPROCESSOR_DEFINITIONS = (
					"DEBUG=1",
					"$(inherited)",
				);
				GCC_WARN_64_TO_32_BIT_CONVERSION = YES;
				GCC_WARN_ABOUT_RETURN_TYPE = YES_ERROR;
				GCC_WARN_UNDECLARED_SELECTOR = YES;
				GCC_WARN_UNINITIALIZED_AUTOS = YES_AGGRESSIVE;
				GCC_WARN_UNUSED_FUNCTION = YES;
				GCC_WARN_UNUSED_VARIABLE = YES;
				MTL_ENABLE_DEBUG_INFO = INCLUDE_SOURCE;
				MTL_FAST_MATH = YES;
				ONLY_ACTIVE_ARCH = YES;
				SWIFT_ACTIVE_COMPILATION_CONDITIONS = DEBUG;
				SWIFT_OPTIMIZATION_LEVEL = "-Onone";
			};
			name = Debug;
		};
		343B9E1524B135DE000C10C8 /* Release */ = {
			isa = XCBuildConfiguration;
			buildSettings = {
				ALWAYS_SEARCH_USER_PATHS = NO;
				CLANG_ANALYZER_NONNULL = YES;
				CLANG_ANALYZER_NUMBER_OBJECT_CONVERSION = YES_AGGRESSIVE;
				CLANG_CXX_LANGUAGE_STANDARD = "gnu++14";
				CLANG_CXX_LIBRARY = "libc++";
				CLANG_ENABLE_MODULES = YES;
				CLANG_ENABLE_OBJC_ARC = YES;
				CLANG_ENABLE_OBJC_WEAK = YES;
				CLANG_WARN_BLOCK_CAPTURE_AUTORELEASING = YES;
				CLANG_WARN_BOOL_CONVERSION = YES;
				CLANG_WARN_COMMA = YES;
				CLANG_WARN_CONSTANT_CONVERSION = YES;
				CLANG_WARN_DEPRECATED_OBJC_IMPLEMENTATIONS = YES;
				CLANG_WARN_DIRECT_OBJC_ISA_USAGE = YES_ERROR;
				CLANG_WARN_DOCUMENTATION_COMMENTS = YES;
				CLANG_WARN_EMPTY_BODY = YES;
				CLANG_WARN_ENUM_CONVERSION = YES;
				CLANG_WARN_INFINITE_RECURSION = YES;
				CLANG_WARN_INT_CONVERSION = YES;
				CLANG_WARN_NON_LITERAL_NULL_CONVERSION = YES;
				CLANG_WARN_OBJC_IMPLICIT_RETAIN_SELF = YES;
				CLANG_WARN_OBJC_LITERAL_CONVERSION = YES;
				CLANG_WARN_OBJC_ROOT_CLASS = YES_ERROR;
				CLANG_WARN_QUOTED_INCLUDE_IN_FRAMEWORK_HEADER = YES;
				CLANG_WARN_RANGE_LOOP_ANALYSIS = YES;
				CLANG_WARN_STRICT_PROTOTYPES = YES;
				CLANG_WARN_SUSPICIOUS_MOVE = YES;
				CLANG_WARN_UNGUARDED_AVAILABILITY = YES_AGGRESSIVE;
				CLANG_WARN_UNREACHABLE_CODE = YES;
				CLANG_WARN__DUPLICATE_METHOD_MATCH = YES;
				COPY_PHASE_STRIP = NO;
				DEBUG_INFORMATION_FORMAT = "dwarf-with-dsym";
				ENABLE_NS_ASSERTIONS = NO;
				ENABLE_STRICT_OBJC_MSGSEND = YES;
				GCC_C_LANGUAGE_STANDARD = gnu11;
				GCC_NO_COMMON_BLOCKS = YES;
				GCC_WARN_64_TO_32_BIT_CONVERSION = YES;
				GCC_WARN_ABOUT_RETURN_TYPE = YES_ERROR;
				GCC_WARN_UNDECLARED_SELECTOR = YES;
				GCC_WARN_UNINITIALIZED_AUTOS = YES_AGGRESSIVE;
				GCC_WARN_UNUSED_FUNCTION = YES;
				GCC_WARN_UNUSED_VARIABLE = YES;
				MTL_ENABLE_DEBUG_INFO = NO;
				MTL_FAST_MATH = YES;
				SWIFT_COMPILATION_MODE = wholemodule;
				SWIFT_OPTIMIZATION_LEVEL = "-O";
			};
			name = Release;
		};
		343B9E1724B135DE000C10C8 /* Debug */ = {
			isa = XCBuildConfiguration;
			buildSettings = {
				ASSETCATALOG_COMPILER_APPICON_NAME = AppIcon;
				ASSETCATALOG_COMPILER_GLOBAL_ACCENT_COLOR_NAME = AccentColor;
				CODE_SIGN_STYLE = Automatic;
				DEVELOPMENT_TEAM = B2Q8EGNCQA;
				ENABLE_PREVIEWS = YES;
				INFOPLIST_FILE = iOS/Info.plist;
				IPHONEOS_DEPLOYMENT_TARGET = 14.0;
				LD_RUNPATH_SEARCH_PATHS = (
					"$(inherited)",
					"@executable_path/Frameworks",
				);
				PRODUCT_BUNDLE_IDENTIFIER = com.jaberi.MoviesApp;
				PRODUCT_NAME = MoviesApp;
				SDKROOT = iphoneos;
				SWIFT_VERSION = 5.0;
				TARGETED_DEVICE_FAMILY = "1,2";
			};
			name = Debug;
		};
		343B9E1824B135DE000C10C8 /* Release */ = {
			isa = XCBuildConfiguration;
			buildSettings = {
				ASSETCATALOG_COMPILER_APPICON_NAME = AppIcon;
				ASSETCATALOG_COMPILER_GLOBAL_ACCENT_COLOR_NAME = AccentColor;
				CODE_SIGN_STYLE = Automatic;
				DEVELOPMENT_TEAM = B2Q8EGNCQA;
				ENABLE_PREVIEWS = YES;
				INFOPLIST_FILE = iOS/Info.plist;
				IPHONEOS_DEPLOYMENT_TARGET = 14.0;
				LD_RUNPATH_SEARCH_PATHS = (
					"$(inherited)",
					"@executable_path/Frameworks",
				);
				PRODUCT_BUNDLE_IDENTIFIER = com.jaberi.MoviesApp;
				PRODUCT_NAME = MoviesApp;
				SDKROOT = iphoneos;
				SWIFT_VERSION = 5.0;
				TARGETED_DEVICE_FAMILY = "1,2";
				VALIDATE_PRODUCT = YES;
			};
			name = Release;
		};
		343B9E1A24B135DE000C10C8 /* Debug */ = {
			isa = XCBuildConfiguration;
			buildSettings = {
				ASSETCATALOG_COMPILER_APPICON_NAME = AppIcon;
				ASSETCATALOG_COMPILER_GLOBAL_ACCENT_COLOR_NAME = AccentColor;
				CODE_SIGN_ENTITLEMENTS = macOS/macOS.entitlements;
				CODE_SIGN_STYLE = Automatic;
				COMBINE_HIDPI_IMAGES = YES;
				DEVELOPMENT_TEAM = B2Q8EGNCQA;
				ENABLE_HARDENED_RUNTIME = YES;
				ENABLE_PREVIEWS = YES;
				INFOPLIST_FILE = macOS/Info.plist;
				LD_RUNPATH_SEARCH_PATHS = (
					"$(inherited)",
					"@executable_path/../Frameworks",
				);
				MACOSX_DEPLOYMENT_TARGET = 10.16;
				PRODUCT_BUNDLE_IDENTIFIER = com.azamsharp.MoviesApp;
				PRODUCT_NAME = MoviesApp;
				SDKROOT = macosx;
				SWIFT_VERSION = 5.0;
			};
			name = Debug;
		};
		343B9E1B24B135DE000C10C8 /* Release */ = {
			isa = XCBuildConfiguration;
			buildSettings = {
				ASSETCATALOG_COMPILER_APPICON_NAME = AppIcon;
				ASSETCATALOG_COMPILER_GLOBAL_ACCENT_COLOR_NAME = AccentColor;
				CODE_SIGN_ENTITLEMENTS = macOS/macOS.entitlements;
				CODE_SIGN_STYLE = Automatic;
				COMBINE_HIDPI_IMAGES = YES;
				DEVELOPMENT_TEAM = B2Q8EGNCQA;
				ENABLE_HARDENED_RUNTIME = YES;
				ENABLE_PREVIEWS = YES;
				INFOPLIST_FILE = macOS/Info.plist;
				LD_RUNPATH_SEARCH_PATHS = (
					"$(inherited)",
					"@executable_path/../Frameworks",
				);
				MACOSX_DEPLOYMENT_TARGET = 10.16;
				PRODUCT_BUNDLE_IDENTIFIER = com.azamsharp.MoviesApp;
				PRODUCT_NAME = MoviesApp;
				SDKROOT = macosx;
				SWIFT_VERSION = 5.0;
			};
			name = Release;
		};
/* End XCBuildConfiguration section */

/* Begin XCConfigurationList section */
		343B9DF924B135DC000C10C8 /* Build configuration list for PBXProject "MoviesApp" */ = {
			isa = XCConfigurationList;
			buildConfigurations = (
				343B9E1424B135DE000C10C8 /* Debug */,
				343B9E1524B135DE000C10C8 /* Release */,
			);
			defaultConfigurationIsVisible = 0;
			defaultConfigurationName = Release;
		};
		343B9E1624B135DE000C10C8 /* Build configuration list for PBXNativeTarget "iOS" */ = {
			isa = XCConfigurationList;
			buildConfigurations = (
				343B9E1724B135DE000C10C8 /* Debug */,
				343B9E1824B135DE000C10C8 /* Release */,
			);
			defaultConfigurationIsVisible = 0;
			defaultConfigurationName = Release;
		};
		343B9E1924B135DE000C10C8 /* Build configuration list for PBXNativeTarget "macOS" */ = {
			isa = XCConfigurationList;
			buildConfigurations = (
				343B9E1A24B135DE000C10C8 /* Debug */,
				343B9E1B24B135DE000C10C8 /* Release */,
			);
			defaultConfigurationIsVisible = 0;
			defaultConfigurationName = Release;
		};
/* End XCConfigurationList section */
	};
	rootObject = 343B9DF624B135DC000C10C8 /* Project object */;
}
