// !$*UTF8*$!
{
	archiveVersion = 1;
	classes = {
	};
	objectVersion = 50;
	objects = {

/* Begin PBXBuildFile section */
		8C17E5D622B85DE2006A20FF /* AppDelegate.swift in Sources */ = {isa = PBXBuildFile; fileRef = 8C17E5D522B85DE2006A20FF /* AppDelegate.swift */; };
		8C17E5D822B85DE2006A20FF /* SceneDelegate.swift in Sources */ = {isa = PBXBuildFile; fileRef = 8C17E5D722B85DE2006A20FF /* SceneDelegate.swift */; };
		8C17E5DD22B85DE2006A20FF /* Main.storyboard in Resources */ = {isa = PBXBuildFile; fileRef = 8C17E5DB22B85DE2006A20FF /* Main.storyboard */; };
		8C17E5DF22B85DE3006A20FF /* Assets.xcassets in Resources */ = {isa = PBXBuildFile; fileRef = 8C17E5DE22B85DE3006A20FF /* Assets.xcassets */; };
		8C17E5E222B85DE3006A20FF /* LaunchScreen.storyboard in Resources */ = {isa = PBXBuildFile; fileRef = 8C17E5E022B85DE3006A20FF /* LaunchScreen.storyboard */; };
		8C17E5ED22B85DE3006A20FF /* DishesAppTests.swift in Sources */ = {isa = PBXBuildFile; fileRef = 8C17E5EC22B85DE3006A20FF /* DishesAppTests.swift */; };
		8C17E5F822B85DE3006A20FF /* DishesAppUITests.swift in Sources */ = {isa = PBXBuildFile; fileRef = 8C17E5F722B85DE3006A20FF /* DishesAppUITests.swift */; };
		8C17E60722B85E40006A20FF /* Dish.swift in Sources */ = {isa = PBXBuildFile; fileRef = 8C17E60622B85E40006A20FF /* Dish.swift */; };
		8C17E60922B85ED6006A20FF /* DishesTableViewController.swift in Sources */ = {isa = PBXBuildFile; fileRef = 8C17E60822B85ED6006A20FF /* DishesTableViewController.swift */; };
		8C19A30522B8682E009D953D /* DishesTableViewControllerPreviews.swift in Sources */ = {isa = PBXBuildFile; fileRef = 8C19A30422B8682E009D953D /* DishesTableViewControllerPreviews.swift */; };
/* End PBXBuildFile section */

/* Begin PBXContainerItemProxy section */
		8C17E5E922B85DE3006A20FF /* PBXContainerItemProxy */ = {
			isa = PBXContainerItemProxy;
			containerPortal = 8C17E5CA22B85DE2006A20FF /* Project object */;
			proxyType = 1;
			remoteGlobalIDString = 8C17E5D122B85DE2006A20FF;
			remoteInfo = DishesApp;
		};
		8C17E5F422B85DE3006A20FF /* PBXContainerItemProxy */ = {
			isa = PBXContainerItemProxy;
			containerPortal = 8C17E5CA22B85DE2006A20FF /* Project object */;
			proxyType = 1;
			remoteGlobalIDString = 8C17E5D122B85DE2006A20FF;
			remoteInfo = DishesApp;
		};
/* End PBXContainerItemProxy section */

/* Begin PBXFileReference section */
		8C17E5D222B85DE2006A20FF /* DishesApp.app */ = {isa = PBXFileReference; explicitFileType = wrapper.application; includeInIndex = 0; path = DishesApp.app; sourceTree = BUILT_PRODUCTS_DIR; };
		8C17E5D522B85DE2006A20FF /* AppDelegate.swift */ = {isa = PBXFileReference; lastKnownFileType = sourcecode.swift; path = AppDelegate.swift; sourceTree = "<group>"; };
		8C17E5D722B85DE2006A20FF /* SceneDelegate.swift */ = {isa = PBXFileReference; lastKnownFileType = sourcecode.swift; path = SceneDelegate.swift; sourceTree = "<group>"; };
		8C17E5DC22B85DE2006A20FF /* Base */ = {isa = PBXFileReference; lastKnownFileType = file.storyboard; name = Base; path = Base.lproj/Main.storyboard; sourceTree = "<group>"; };
		8C17E5DE22B85DE3006A20FF /* Assets.xcassets */ = {isa = PBXFileReference; lastKnownFileType = folder.assetcatalog; path = Assets.xcassets; sourceTree = "<group>"; };
		8C17E5E122B85DE3006A20FF /* Base */ = {isa = PBXFileReference; lastKnownFileType = file.storyboard; name = Base; path = Base.lproj/LaunchScreen.storyboard; sourceTree = "<group>"; };
		8C17E5E322B85DE3006A20FF /* Info.plist */ = {isa = PBXFileReference; lastKnownFileType = text.plist.xml; path = Info.plist; sourceTree = "<group>"; };
		8C17E5E822B85DE3006A20FF /* DishesAppTests.xctest */ = {isa = PBXFileReference; explicitFileType = wrapper.cfbundle; includeInIndex = 0; path = DishesAppTests.xctest; sourceTree = BUILT_PRODUCTS_DIR; };
		8C17E5EC22B85DE3006A20FF /* DishesAppTests.swift */ = {isa = PBXFileReference; lastKnownFileType = sourcecode.swift; path = DishesAppTests.swift; sourceTree = "<group>"; };
		8C17E5EE22B85DE3006A20FF /* Info.plist */ = {isa = PBXFileReference; lastKnownFileType = text.plist.xml; path = Info.plist; sourceTree = "<group>"; };
		8C17E5F322B85DE3006A20FF /* DishesAppUITests.xctest */ = {isa = PBXFileReference; explicitFileType = wrapper.cfbundle; includeInIndex = 0; path = DishesAppUITests.xctest; sourceTree = BUILT_PRODUCTS_DIR; };
		8C17E5F722B85DE3006A20FF /* DishesAppUITests.swift */ = {isa = PBXFileReference; lastKnownFileType = sourcecode.swift; path = DishesAppUITests.swift; sourceTree = "<group>"; };
		8C17E5F922B85DE3006A20FF /* Info.plist */ = {isa = PBXFileReference; lastKnownFileType = text.plist.xml; path = Info.plist; sourceTree = "<group>"; };
		8C17E60622B85E40006A20FF /* Dish.swift */ = {isa = PBXFileReference; lastKnownFileType = sourcecode.swift; path = Dish.swift; sourceTree = "<group>"; };
		8C17E60822B85ED6006A20FF /* DishesTableViewController.swift */ = {isa = PBXFileReference; lastKnownFileType = sourcecode.swift; path = DishesTableViewController.swift; sourceTree = "<group>"; };
		8C19A30422B8682E009D953D /* DishesTableViewControllerPreviews.swift */ = {isa = PBXFileReference; lastKnownFileType = sourcecode.swift; path = DishesTableViewControllerPreviews.swift; sourceTree = "<group>"; };
/* End PBXFileReference section */

/* Begin PBXFrameworksBuildPhase section */
		8C17E5CF22B85DE2006A20FF /* Frameworks */ = {
			isa = PBXFrameworksBuildPhase;
			buildActionMask = 2147483647;
			files = (
			);
			runOnlyForDeploymentPostprocessing = 0;
		};
		8C17E5E522B85DE3006A20FF /* Frameworks */ = {
			isa = PBXFrameworksBuildPhase;
			buildActionMask = 2147483647;
			files = (
			);
			runOnlyForDeploymentPostprocessing = 0;
		};
		8C17E5F022B85DE3006A20FF /* Frameworks */ = {
			isa = PBXFrameworksBuildPhase;
			buildActionMask = 2147483647;
			files = (
			);
			runOnlyForDeploymentPostprocessing = 0;
		};
/* End PBXFrameworksBuildPhase section */

/* Begin PBXGroup section */
		8C17E5C922B85DE2006A20FF = {
			isa = PBXGroup;
			children = (
				8C17E5D422B85DE2006A20FF /* DishesApp */,
				8C17E5EB22B85DE3006A20FF /* DishesAppTests */,
				8C17E5F622B85DE3006A20FF /* DishesAppUITests */,
				8C17E5D322B85DE2006A20FF /* Products */,
			);
			sourceTree = "<group>";
		};
		8C17E5D322B85DE2006A20FF /* Products */ = {
			isa = PBXGroup;
			children = (
				8C17E5D222B85DE2006A20FF /* DishesApp.app */,
				8C17E5E822B85DE3006A20FF /* DishesAppTests.xctest */,
				8C17E5F322B85DE3006A20FF /* DishesAppUITests.xctest */,
			);
			name = Products;
			sourceTree = "<group>";
		};
		8C17E5D422B85DE2006A20FF /* DishesApp */ = {
			isa = PBXGroup;
			children = (
				8C17E60522B85DF4006A20FF /* Models */,
				8C17E5D522B85DE2006A20FF /* AppDelegate.swift */,
				8C17E5D722B85DE2006A20FF /* SceneDelegate.swift */,
				8C17E5DB22B85DE2006A20FF /* Main.storyboard */,
				8C17E5DE22B85DE3006A20FF /* Assets.xcassets */,
				8C17E5E022B85DE3006A20FF /* LaunchScreen.storyboard */,
				8C17E5E322B85DE3006A20FF /* Info.plist */,
				8C17E60822B85ED6006A20FF /* DishesTableViewController.swift */,
				8C19A30422B8682E009D953D /* DishesTableViewControllerPreviews.swift */,
			);
			path = DishesApp;
			sourceTree = "<group>";
		};
		8C17E5EB22B85DE3006A20FF /* DishesAppTests */ = {
			isa = PBXGroup;
			children = (
				8C17E5EC22B85DE3006A20FF /* DishesAppTests.swift */,
				8C17E5EE22B85DE3006A20FF /* Info.plist */,
			);
			path = DishesAppTests;
			sourceTree = "<group>";
		};
		8C17E5F622B85DE3006A20FF /* DishesAppUITests */ = {
			isa = PBXGroup;
			children = (
				8C17E5F722B85DE3006A20FF /* DishesAppUITests.swift */,
				8C17E5F922B85DE3006A20FF /* Info.plist */,
			);
			path = DishesAppUITests;
			sourceTree = "<group>";
		};
		8C17E60522B85DF4006A20FF /* Models */ = {
			isa = PBXGroup;
			children = (
				8C17E60622B85E40006A20FF /* Dish.swift */,
			);
			path = Models;
			sourceTree = "<group>";
		};
/* End PBXGroup section */

/* Begin PBXNativeTarget section */
		8C17E5D122B85DE2006A20FF /* DishesApp */ = {
			isa = PBXNativeTarget;
			buildConfigurationList = 8C17E5FC22B85DE3006A20FF /* Build configuration list for PBXNativeTarget "DishesApp" */;
			buildPhases = (
				8C17E5CE22B85DE2006A20FF /* Sources */,
				8C17E5CF22B85DE2006A20FF /* Frameworks */,
				8C17E5D022B85DE2006A20FF /* Resources */,
			);
			buildRules = (
			);
			dependencies = (
			);
			name = DishesApp;
			productName = DishesApp;
			productReference = 8C17E5D222B85DE2006A20FF /* DishesApp.app */;
			productType = "com.apple.product-type.application";
		};
		8C17E5E722B85DE3006A20FF /* DishesAppTests */ = {
			isa = PBXNativeTarget;
			buildConfigurationList = 8C17E5FF22B85DE3006A20FF /* Build configuration list for PBXNativeTarget "DishesAppTests" */;
			buildPhases = (
				8C17E5E422B85DE3006A20FF /* Sources */,
				8C17E5E522B85DE3006A20FF /* Frameworks */,
				8C17E5E622B85DE3006A20FF /* Resources */,
			);
			buildRules = (
			);
			dependencies = (
				8C17E5EA22B85DE3006A20FF /* PBXTargetDependency */,
			);
			name = DishesAppTests;
			productName = DishesAppTests;
			productReference = 8C17E5E822B85DE3006A20FF /* DishesAppTests.xctest */;
			productType = "com.apple.product-type.bundle.unit-test";
		};
		8C17E5F222B85DE3006A20FF /* DishesAppUITests */ = {
			isa = PBXNativeTarget;
			buildConfigurationList = 8C17E60222B85DE3006A20FF /* Build configuration list for PBXNativeTarget "DishesAppUITests" */;
			buildPhases = (
				8C17E5EF22B85DE3006A20FF /* Sources */,
				8C17E5F022B85DE3006A20FF /* Frameworks */,
				8C17E5F122B85DE3006A20FF /* Resources */,
			);
			buildRules = (
			);
			dependencies = (
				8C17E5F522B85DE3006A20FF /* PBXTargetDependency */,
			);
			name = DishesAppUITests;
			productName = DishesAppUITests;
			productReference = 8C17E5F322B85DE3006A20FF /* DishesAppUITests.xctest */;
			productType = "com.apple.product-type.bundle.ui-testing";
		};
/* End PBXNativeTarget section */

/* Begin PBXProject section */
		8C17E5CA22B85DE2006A20FF /* Project object */ = {
			isa = PBXProject;
			attributes = {
				LastSwiftUpdateCheck = 1100;
				LastUpgradeCheck = 1100;
				ORGANIZATIONNAME = "mohamed jaberi";
				TargetAttributes = {
					8C17E5D122B85DE2006A20FF = {
						CreatedOnToolsVersion = 11.0;
					};
					8C17E5E722B85DE3006A20FF = {
						CreatedOnToolsVersion = 11.0;
						TestTargetID = 8C17E5D122B85DE2006A20FF;
					};
					8C17E5F222B85DE3006A20FF = {
						CreatedOnToolsVersion = 11.0;
						TestTargetID = 8C17E5D122B85DE2006A20FF;
					};
				};
			};
			buildConfigurationList = 8C17E5CD22B85DE2006A20FF /* Build configuration list for PBXProject "DishesApp" */;
			compatibilityVersion = "Xcode 9.3";
			developmentRegion = en;
			hasScannedForEncodings = 0;
			knownRegions = (
				en,
				Base,
			);
			mainGroup = 8C17E5C922B85DE2006A20FF;
			productRefGroup = 8C17E5D322B85DE2006A20FF /* Products */;
			projectDirPath = "";
			projectRoot = "";
			targets = (
				8C17E5D122B85DE2006A20FF /* DishesApp */,
				8C17E5E722B85DE3006A20FF /* DishesAppTests */,
				8C17E5F222B85DE3006A20FF /* DishesAppUITests */,
			);
		};
/* End PBXProject section */

/* Begin PBXResourcesBuildPhase section */
		8C17E5D022B85DE2006A20FF /* Resources */ = {
			isa = PBXResourcesBuildPhase;
			buildActionMask = 2147483647;
			files = (
				8C17E5E222B85DE3006A20FF /* LaunchScreen.storyboard in Resources */,
				8C17E5DF22B85DE3006A20FF /* Assets.xcassets in Resources */,
				8C17E5DD22B85DE2006A20FF /* Main.storyboard in Resources */,
			);
			runOnlyForDeploymentPostprocessing = 0;
		};
		8C17E5E622B85DE3006A20FF /* Resources */ = {
			isa = PBXResourcesBuildPhase;
			buildActionMask = 2147483647;
			files = (
			);
			runOnlyForDeploymentPostprocessing = 0;
		};
		8C17E5F122B85DE3006A20FF /* Resources */ = {
			isa = PBXResourcesBuildPhase;
			buildActionMask = 2147483647;
			files = (
			);
			runOnlyForDeploymentPostprocessing = 0;
		};
/* End PBXResourcesBuildPhase section */

/* Begin PBXSourcesBuildPhase section */
		8C17E5CE22B85DE2006A20FF /* Sources */ = {
			isa = PBXSourcesBuildPhase;
			buildActionMask = 2147483647;
			files = (
				8C17E60722B85E40006A20FF /* Dish.swift in Sources */,
				8C17E60922B85ED6006A20FF /* DishesTableViewController.swift in Sources */,
				8C19A30522B8682E009D953D /* DishesTableViewControllerPreviews.swift in Sources */,
				8C17E5D622B85DE2006A20FF /* AppDelegate.swift in Sources */,
				8C17E5D822B85DE2006A20FF /* SceneDelegate.swift in Sources */,
			);
			runOnlyForDeploymentPostprocessing = 0;
		};
		8C17E5E422B85DE3006A20FF /* Sources */ = {
			isa = PBXSourcesBuildPhase;
			buildActionMask = 2147483647;
			files = (
				8C17E5ED22B85DE3006A20FF /* DishesAppTests.swift in Sources */,
			);
			runOnlyForDeploymentPostprocessing = 0;
		};
		8C17E5EF22B85DE3006A20FF /* Sources */ = {
			isa = PBXSourcesBuildPhase;
			buildActionMask = 2147483647;
			files = (
				8C17E5F822B85DE3006A20FF /* DishesAppUITests.swift in Sources */,
			);
			runOnlyForDeploymentPostprocessing = 0;
		};
/* End PBXSourcesBuildPhase section */

/* Begin PBXTargetDependency section */
		8C17E5EA22B85DE3006A20FF /* PBXTargetDependency */ = {
			isa = PBXTargetDependency;
			target = 8C17E5D122B85DE2006A20FF /* DishesApp */;
			targetProxy = 8C17E5E922B85DE3006A20FF /* PBXContainerItemProxy */;
		};
		8C17E5F522B85DE3006A20FF /* PBXTargetDependency */ = {
			isa = PBXTargetDependency;
			target = 8C17E5D122B85DE2006A20FF /* DishesApp */;
			targetProxy = 8C17E5F422B85DE3006A20FF /* PBXContainerItemProxy */;
		};
/* End PBXTargetDependency section */

/* Begin PBXVariantGroup section */
		8C17E5DB22B85DE2006A20FF /* Main.storyboard */ = {
			isa = PBXVariantGroup;
			children = (
				8C17E5DC22B85DE2006A20FF /* Base */,
			);
			name = Main.storyboard;
			sourceTree = "<group>";
		};
		8C17E5E022B85DE3006A20FF /* LaunchScreen.storyboard */ = {
			isa = PBXVariantGroup;
			children = (
				8C17E5E122B85DE3006A20FF /* Base */,
			);
			name = LaunchScreen.storyboard;
			sourceTree = "<group>";
		};
/* End PBXVariantGroup section */

/* Begin XCBuildConfiguration section */
		8C17E5FA22B85DE3006A20FF /* Debug */ = {
			isa = XCBuildConfiguration;
			buildSettings = {
				ALWAYS_SEARCH_USER_PATHS = NO;
				CLANG_ANALYZER_NONNULL = YES;
				CLANG_ANALYZER_NUMBER_OBJECT_CONVERSION = YES_AGGRESSIVE;
				CLANG_CXX_LANGUAGE_STANDARD = "gnu++14";
				CLANG_CXX_LIBRARY = "libc++";
				CLANG_ENABLE_MODULES = YES;
				CLANG_ENABLE_OBJC_ARC = YES;
				CLANG_ENABLE_OBJC_WEAK = YES;
				CLANG_WARN_BLOCK_CAPTURE_AUTORELEASING = YES;
				CLANG_WARN_BOOL_CONVERSION = YES;
				CLANG_WARN_COMMA = YES;
				CLANG_WARN_CONSTANT_CONVERSION = YES;
				CLANG_WARN_DEPRECATED_OBJC_IMPLEMENTATIONS = YES;
				CLANG_WARN_DIRECT_OBJC_ISA_USAGE = YES_ERROR;
				CLANG_WARN_DOCUMENTATION_COMMENTS = YES;
				CLANG_WARN_EMPTY_BODY = YES;
				CLANG_WARN_ENUM_CONVERSION = YES;
				CLANG_WARN_INFINITE_RECURSION = YES;
				CLANG_WARN_INT_CONVERSION = YES;
				CLANG_WARN_NON_LITERAL_NULL_CONVERSION = YES;
				CLANG_WARN_OBJC_IMPLICIT_RETAIN_SELF = YES;
				CLANG_WARN_OBJC_LITERAL_CONVERSION = YES;
				CLANG_WARN_OBJC_ROOT_CLASS = YES_ERROR;
				CLANG_WARN_RANGE_LOOP_ANALYSIS = YES;
				CLANG_WARN_STRICT_PROTOTYPES = YES;
				CLANG_WARN_SUSPICIOUS_MOVE = YES;
				CLANG_WARN_UNGUARDED_AVAILABILITY = YES_AGGRESSIVE;
				CLANG_WARN_UNREACHABLE_CODE = YES;
				CLANG_WARN__DUPLICATE_METHOD_MATCH = YES;
				COPY_PHASE_STRIP = NO;
				DEBUG_INFORMATION_FORMAT = dwarf;
				ENABLE_STRICT_OBJC_MSGSEND = YES;
				ENABLE_TESTABILITY = YES;
				GCC_C_LANGUAGE_STANDARD = gnu11;
				GCC_DYNAMIC_NO_PIC = NO;
				GCC_NO_COMMON_BLOCKS = YES;
				GCC_OPTIMIZATION_LEVEL = 0;
				GCC_PREPROCESSOR_DEFINITIONS = (
					"DEBUG=1",
					"$(inherited)",
				);
				GCC_WARN_64_TO_32_BIT_CONVERSION = YES;
				GCC_WARN_ABOUT_RETURN_TYPE = YES_ERROR;
				GCC_WARN_UNDECLARED_SELECTOR = YES;
				GCC_WARN_UNINITIALIZED_AUTOS = YES_AGGRESSIVE;
				GCC_WARN_UNUSED_FUNCTION = YES;
				GCC_WARN_UNUSED_VARIABLE = YES;
				IPHONEOS_DEPLOYMENT_TARGET = 13.0;
				MTL_ENABLE_DEBUG_INFO = INCLUDE_SOURCE;
				MTL_FAST_MATH = YES;
				ONLY_ACTIVE_ARCH = YES;
				SDKROOT = iphoneos;
				SWIFT_ACTIVE_COMPILATION_CONDITIONS = DEBUG;
				SWIFT_OPTIMIZATION_LEVEL = "-Onone";
			};
			name = Debug;
		};
		8C17E5FB22B85DE3006A20FF /* Release */ = {
			isa = XCBuildConfiguration;
			buildSettings = {
				ALWAYS_SEARCH_USER_PATHS = NO;
				CLANG_ANALYZER_NONNULL = YES;
				CLANG_ANALYZER_NUMBER_OBJECT_CONVERSION = YES_AGGRESSIVE;
				CLANG_CXX_LANGUAGE_STANDARD = "gnu++14";
				CLANG_CXX_LIBRARY = "libc++";
				CLANG_ENABLE_MODULES = YES;
				CLANG_ENABLE_OBJC_ARC = YES;
				CLANG_ENABLE_OBJC_WEAK = YES;
				CLANG_WARN_BLOCK_CAPTURE_AUTORELEASING = YES;
				CLANG_WARN_BOOL_CONVERSION = YES;
				CLANG_WARN_COMMA = YES;
				CLANG_WARN_CONSTANT_CONVERSION = YES;
				CLANG_WARN_DEPRECATED_OBJC_IMPLEMENTATIONS = YES;
				CLANG_WARN_DIRECT_OBJC_ISA_USAGE = YES_ERROR;
				CLANG_WARN_DOCUMENTATION_COMMENTS = YES;
				CLANG_WARN_EMPTY_BODY = YES;
				CLANG_WARN_ENUM_CONVERSION = YES;
				CLANG_WARN_INFINITE_RECURSION = YES;
				CLANG_WARN_INT_CONVERSION = YES;
				CLANG_WARN_NON_LITERAL_NULL_CONVERSION = YES;
				CLANG_WARN_OBJC_IMPLICIT_RETAIN_SELF = YES;
				CLANG_WARN_OBJC_LITERAL_CONVERSION = YES;
				CLANG_WARN_OBJC_ROOT_CLASS = YES_ERROR;
				CLANG_WARN_RANGE_LOOP_ANALYSIS = YES;
				CLANG_WARN_STRICT_PROTOTYPES = YES;
				CLANG_WARN_SUSPICIOUS_MOVE = YES;
				CLANG_WARN_UNGUARDED_AVAILABILITY = YES_AGGRESSIVE;
				CLANG_WARN_UNREACHABLE_CODE = YES;
				CLANG_WARN__DUPLICATE_METHOD_MATCH = YES;
				COPY_PHASE_STRIP = NO;
				DEBUG_INFORMATION_FORMAT = "dwarf-with-dsym";
				ENABLE_NS_ASSERTIONS = NO;
				ENABLE_STRICT_OBJC_MSGSEND = YES;
				GCC_C_LANGUAGE_STANDARD = gnu11;
				GCC_NO_COMMON_BLOCKS = YES;
				GCC_WARN_64_TO_32_BIT_CONVERSION = YES;
				GCC_WARN_ABOUT_RETURN_TYPE = YES_ERROR;
				GCC_WARN_UNDECLARED_SELECTOR = YES;
				GCC_WARN_UNINITIALIZED_AUTOS = YES_AGGRESSIVE;
				GCC_WARN_UNUSED_FUNCTION = YES;
				GCC_WARN_UNUSED_VARIABLE = YES;
				IPHONEOS_DEPLOYMENT_TARGET = 13.0;
				MTL_ENABLE_DEBUG_INFO = NO;
				MTL_FAST_MATH = YES;
				SDKROOT = iphoneos;
				SWIFT_COMPILATION_MODE = wholemodule;
				SWIFT_OPTIMIZATION_LEVEL = "-O";
				VALIDATE_PRODUCT = YES;
			};
			name = Release;
		};
		8C17E5FD22B85DE3006A20FF /* Debug */ = {
			isa = XCBuildConfiguration;
			buildSettings = {
				ASSETCATALOG_COMPILER_APPICON_NAME = AppIcon;
				CODE_SIGN_STYLE = Automatic;
				DEVELOPMENT_TEAM = B2Q8EGNCQA;
				INFOPLIST_FILE = DishesApp/Info.plist;
				LD_RUNPATH_SEARCH_PATHS = (
					"$(inherited)",
					"@executable_path/Frameworks",
				);
				PRODUCT_BUNDLE_IDENTIFIER = com.jaberi.DishesApp;
				PRODUCT_NAME = "$(TARGET_NAME)";
				SWIFT_VERSION = 5.0;
				TARGETED_DEVICE_FAMILY = "1,2";
			};
			name = Debug;
		};
		8C17E5FE22B85DE3006A20FF /* Release */ = {
			isa = XCBuildConfiguration;
			buildSettings = {
				ASSETCATALOG_COMPILER_APPICON_NAME = AppIcon;
				CODE_SIGN_STYLE = Automatic;
				DEVELOPMENT_TEAM = B2Q8EGNCQA;
				INFOPLIST_FILE = DishesApp/Info.plist;
				LD_RUNPATH_SEARCH_PATHS = (
					"$(inherited)",
					"@executable_path/Frameworks",
				);
				PRODUCT_BUNDLE_IDENTIFIER = com.jaberi.DishesApp;
				PRODUCT_NAME = "$(TARGET_NAME)";
				SWIFT_VERSION = 5.0;
				TARGETED_DEVICE_FAMILY = "1,2";
			};
			name = Release;
		};
		8C17E60022B85DE3006A20FF /* Debug */ = {
			isa = XCBuildConfiguration;
			buildSettings = {
				ALWAYS_EMBED_SWIFT_STANDARD_LIBRARIES = YES;
				BUNDLE_LOADER = "$(TEST_HOST)";
				CODE_SIGN_STYLE = Automatic;
				DEVELOPMENT_TEAM = B2Q8EGNCQA;
				INFOPLIST_FILE = DishesAppTests/Info.plist;
				LD_RUNPATH_SEARCH_PATHS = (
					"$(inherited)",
					"@executable_path/Frameworks",
					"@loader_path/Frameworks",
				);
				PRODUCT_BUNDLE_IDENTIFIER = com.azamsharp.DishesAppTests;
				PRODUCT_NAME = "$(TARGET_NAME)";
				SWIFT_VERSION = 5.0;
				TARGETED_DEVICE_FAMILY = "1,2";
				TEST_HOST = "$(BUILT_PRODUCTS_DIR)/DishesApp.app/DishesApp";
			};
			name = Debug;
		};
		8C17E60122B85DE3006A20FF /* Release */ = {
			isa = XCBuildConfiguration;
			buildSettings = {
				ALWAYS_EMBED_SWIFT_STANDARD_LIBRARIES = YES;
				BUNDLE_LOADER = "$(TEST_HOST)";
				CODE_SIGN_STYLE = Automatic;
				DEVELOPMENT_TEAM = B2Q8EGNCQA;
				INFOPLIST_FILE = DishesAppTests/Info.plist;
				LD_RUNPATH_SEARCH_PATHS = (
					"$(inherited)",
					"@executable_path/Frameworks",
					"@loader_path/Frameworks",
				);
				PRODUCT_BUNDLE_IDENTIFIER = com.azamsharp.DishesAppTests;
				PRODUCT_NAME = "$(TARGET_NAME)";
				SWIFT_VERSION = 5.0;
				TARGETED_DEVICE_FAMILY = "1,2";
				TEST_HOST = "$(BUILT_PRODUCTS_DIR)/DishesApp.app/DishesApp";
			};
			name = Release;
		};
		8C17E60322B85DE3006A20FF /* Debug */ = {
			isa = XCBuildConfiguration;
			buildSettings = {
				ALWAYS_EMBED_SWIFT_STANDARD_LIBRARIES = YES;
				CODE_SIGN_STYLE = Automatic;
				DEVELOPMENT_TEAM = B2Q8EGNCQA;
				INFOPLIST_FILE = DishesAppUITests/Info.plist;
				LD_RUNPATH_SEARCH_PATHS = (
					"$(inherited)",
					"@executable_path/Frameworks",
					"@loader_path/Frameworks",
				);
				PRODUCT_BUNDLE_IDENTIFIER = com.azamsharp.DishesAppUITests;
				PRODUCT_NAME = "$(TARGET_NAME)";
				SWIFT_VERSION = 5.0;
				TARGETED_DEVICE_FAMILY = "1,2";
				TEST_TARGET_NAME = DishesApp;
			};
			name = Debug;
		};
		8C17E60422B85DE3006A20FF /* Release */ = {
			isa = XCBuildConfiguration;
			buildSettings = {
				ALWAYS_EMBED_SWIFT_STANDARD_LIBRARIES = YES;
				CODE_SIGN_STYLE = Automatic;
				DEVELOPMENT_TEAM = B2Q8EGNCQA;
				INFOPLIST_FILE = DishesAppUITests/Info.plist;
				LD_RUNPATH_SEARCH_PATHS = (
					"$(inherited)",
					"@executable_path/Frameworks",
					"@loader_path/Frameworks",
				);
				PRODUCT_BUNDLE_IDENTIFIER = com.azamsharp.DishesAppUITests;
				PRODUCT_NAME = "$(TARGET_NAME)";
				SWIFT_VERSION = 5.0;
				TARGETED_DEVICE_FAMILY = "1,2";
				TEST_TARGET_NAME = DishesApp;
			};
			name = Release;
		};
/* End XCBuildConfiguration section */

/* Begin XCConfigurationList section */
		8C17E5CD22B85DE2006A20FF /* Build configuration list for PBXProject "DishesApp" */ = {
			isa = XCConfigurationList;
			buildConfigurations = (
				8C17E5FA22B85DE3006A20FF /* Debug */,
				8C17E5FB22B85DE3006A20FF /* Release */,
			);
			defaultConfigurationIsVisible = 0;
			defaultConfigurationName = Release;
		};
		8C17E5FC22B85DE3006A20FF /* Build configuration list for PBXNativeTarget "DishesApp" */ = {
			isa = XCConfigurationList;
			buildConfigurations = (
				8C17E5FD22B85DE3006A20FF /* Debug */,
				8C17E5FE22B85DE3006A20FF /* Release */,
			);
			defaultConfigurationIsVisible = 0;
			defaultConfigurationName = Release;
		};
		8C17E5FF22B85DE3006A20FF /* Build configuration list for PBXNativeTarget "DishesAppTests" */ = {
			isa = XCConfigurationList;
			buildConfigurations = (
				8C17E60022B85DE3006A20FF /* Debug */,
				8C17E60122B85DE3006A20FF /* Release */,
			);
			defaultConfigurationIsVisible = 0;
			defaultConfigurationName = Release;
		};
		8C17E60222B85DE3006A20FF /* Build configuration list for PBXNativeTarget "DishesAppUITests" */ = {
			isa = XCConfigurationList;
			buildConfigurations = (
				8C17E60322B85DE3006A20FF /* Debug */,
				8C17E60422B85DE3006A20FF /* Release */,
			);
			defaultConfigurationIsVisible = 0;
			defaultConfigurationName = Release;
		};
/* End XCConfigurationList section */
	};
	rootObject = 8C17E5CA22B85DE2006A20FF /* Project object */;
}
