// !$*UTF8*$!
{
	archiveVersion = 1;
	classes = {
	};
	objectVersion = 50;
	objects = {

/* Begin PBXBuildFile section */
		8D1215F922F529DE006C0A10 /* AppDelegate.swift in Sources */ = {isa = PBXBuildFile; fileRef = 8D1215F822F529DE006C0A10 /* AppDelegate.swift */; };
		8D1215FB22F529DE006C0A10 /* SceneDelegate.swift in Sources */ = {isa = PBXBuildFile; fileRef = 8D1215FA22F529DE006C0A10 /* SceneDelegate.swift */; };
		8D1215FD22F529DE006C0A10 /* ContentView.swift in Sources */ = {isa = PBXBuildFile; fileRef = 8D1215FC22F529DE006C0A10 /* ContentView.swift */; };
		8D1215FF22F529E0006C0A10 /* Assets.xcassets in Resources */ = {isa = PBXBuildFile; fileRef = 8D1215FE22F529E0006C0A10 /* Assets.xcassets */; };
		8D12160222F529E0006C0A10 /* Preview Assets.xcassets in Resources */ = {isa = PBXBuildFile; fileRef = 8D12160122F529E0006C0A10 /* Preview Assets.xcassets */; };
		8D12160522F529E0006C0A10 /* LaunchScreen.storyboard in Resources */ = {isa = PBXBuildFile; fileRef = 8D12160322F529E0006C0A10 /* LaunchScreen.storyboard */; };
		8D12160D22F52ACD006C0A10 /* FancyTimer.swift in Sources */ = {isa = PBXBuildFile; fileRef = 8D12160C22F52ACD006C0A10 /* FancyTimer.swift */; };
/* End PBXBuildFile section */

/* Begin PBXFileReference section */
		8D1215F522F529DE006C0A10 /* Understanding-ObservableObject.app */ = {isa = PBXFileReference; explicitFileType = wrapper.application; includeInIndex = 0; path = "Understanding-ObservableObject.app"; sourceTree = BUILT_PRODUCTS_DIR; };
		8D1215F822F529DE006C0A10 /* AppDelegate.swift */ = {isa = PBXFileReference; lastKnownFileType = sourcecode.swift; path = AppDelegate.swift; sourceTree = "<group>"; };
		8D1215FA22F529DE006C0A10 /* SceneDelegate.swift */ = {isa = PBXFileReference; lastKnownFileType = sourcecode.swift; path = SceneDelegate.swift; sourceTree = "<group>"; };
		8D1215FC22F529DE006C0A10 /* ContentView.swift */ = {isa = PBXFileReference; lastKnownFileType = sourcecode.swift; path = ContentView.swift; sourceTree = "<group>"; };
		8D1215FE22F529E0006C0A10 /* Assets.xcassets */ = {isa = PBXFileReference; lastKnownFileType = folder.assetcatalog; path = Assets.xcassets; sourceTree = "<group>"; };
		8D12160122F529E0006C0A10 /* Preview Assets.xcassets */ = {isa = PBXFileReference; lastKnownFileType = folder.assetcatalog; path = "Preview Assets.xcassets"; sourceTree = "<group>"; };
		8D12160422F529E0006C0A10 /* Base */ = {isa = PBXFileReference; lastKnownFileType = file.storyboard; name = Base; path = Base.lproj/LaunchScreen.storyboard; sourceTree = "<group>"; };
		8D12160622F529E0006C0A10 /* Info.plist */ = {isa = PBXFileReference; lastKnownFileType = text.plist.xml; path = Info.plist; sourceTree = "<group>"; };
		8D12160C22F52ACD006C0A10 /* FancyTimer.swift */ = {isa = PBXFileReference; lastKnownFileType = sourcecode.swift; path = FancyTimer.swift; sourceTree = "<group>"; };
/* End PBXFileReference section */

/* Begin PBXFrameworksBuildPhase section */
		8D1215F222F529DE006C0A10 /* Frameworks */ = {
			isa = PBXFrameworksBuildPhase;
			buildActionMask = 2147483647;
			files = (
			);
			runOnlyForDeploymentPostprocessing = 0;
		};
/* End PBXFrameworksBuildPhase section */

/* Begin PBXGroup section */
		8D1215EC22F529DE006C0A10 = {
			isa = PBXGroup;
			children = (
				8D1215F722F529DE006C0A10 /* Understanding-ObservableObject */,
				8D1215F622F529DE006C0A10 /* Products */,
			);
			sourceTree = "<group>";
		};
		8D1215F622F529DE006C0A10 /* Products */ = {
			isa = PBXGroup;
			children = (
				8D1215F522F529DE006C0A10 /* Understanding-ObservableObject.app */,
			);
			name = Products;
			sourceTree = "<group>";
		};
		8D1215F722F529DE006C0A10 /* Understanding-ObservableObject */ = {
			isa = PBXGroup;
			children = (
				8D1215F822F529DE006C0A10 /* AppDelegate.swift */,
				8D1215FA22F529DE006C0A10 /* SceneDelegate.swift */,
				8D1215FC22F529DE006C0A10 /* ContentView.swift */,
				8D12160C22F52ACD006C0A10 /* FancyTimer.swift */,
				8D1215FE22F529E0006C0A10 /* Assets.xcassets */,
				8D12160322F529E0006C0A10 /* LaunchScreen.storyboard */,
				8D12160622F529E0006C0A10 /* Info.plist */,
				8D12160022F529E0006C0A10 /* Preview Content */,
			);
			path = "Understanding-ObservableObject";
			sourceTree = "<group>";
		};
		8D12160022F529E0006C0A10 /* Preview Content */ = {
			isa = PBXGroup;
			children = (
				8D12160122F529E0006C0A10 /* Preview Assets.xcassets */,
			);
			path = "Preview Content";
			sourceTree = "<group>";
		};
/* End PBXGroup section */

/* Begin PBXNativeTarget section */
		8D1215F422F529DE006C0A10 /* Understanding-ObservableObject */ = {
			isa = PBXNativeTarget;
			buildConfigurationList = 8D12160922F529E0006C0A10 /* Build configuration list for PBXNativeTarget "Understanding-ObservableObject" */;
			buildPhases = (
				8D1215F122F529DE006C0A10 /* Sources */,
				8D1215F222F529DE006C0A10 /* Frameworks */,
				8D1215F322F529DE006C0A10 /* Resources */,
			);
			buildRules = (
			);
			dependencies = (
			);
			name = "Understanding-ObservableObject";
			productName = "Understanding-ObservableObject";
			productReference = 8D1215F522F529DE006C0A10 /* Understanding-ObservableObject.app */;
			productType = "com.apple.product-type.application";
		};
/* End PBXNativeTarget section */

/* Begin PBXProject section */
		8D1215ED22F529DE006C0A10 /* Project object */ = {
			isa = PBXProject;
			attributes = {
				LastSwiftUpdateCheck = 1100;
				LastUpgradeCheck = 1100;
				ORGANIZATIONNAME = "Mohammad Azam";
				TargetAttributes = {
					8D1215F422F529DE006C0A10 = {
						CreatedOnToolsVersion = 11.0;
					};
				};
			};
			buildConfigurationList = 8D1215F022F529DE006C0A10 /* Build configuration list for PBXProject "Understanding-ObservableObject" */;
			compatibilityVersion = "Xcode 9.3";
			developmentRegion = en;
			hasScannedForEncodings = 0;
			knownRegions = (
				en,
				Base,
			);
			mainGroup = 8D1215EC22F529DE006C0A10;
			productRefGroup = 8D1215F622F529DE006C0A10 /* Products */;
			projectDirPath = "";
			projectRoot = "";
			targets = (
				8D1215F422F529DE006C0A10 /* Understanding-ObservableObject */,
			);
		};
/* End PBXProject section */

/* Begin PBXResourcesBuildPhase section */
		8D1215F322F529DE006C0A10 /* Resources */ = {
			isa = PBXResourcesBuildPhase;
			buildActionMask = 2147483647;
			files = (
				8D12160522F529E0006C0A10 /* LaunchScreen.storyboard in Resources */,
				8D12160222F529E0006C0A10 /* Preview Assets.xcassets in Resources */,
				8D1215FF22F529E0006C0A10 /* Assets.xcassets in Resources */,
			);
			runOnlyForDeploymentPostprocessing = 0;
		};
/* End PBXResourcesBuildPhase section */

/* Begin PBXSourcesBuildPhase section */
		8D1215F122F529DE006C0A10 /* Sources */ = {
			isa = PBXSourcesBuildPhase;
			buildActionMask = 2147483647;
			files = (
				8D1215F922F529DE006C0A10 /* AppDelegate.swift in Sources */,
				8D12160D22F52ACD006C0A10 /* FancyTimer.swift in Sources */,
				8D1215FB22F529DE006C0A10 /* SceneDelegate.swift in Sources */,
				8D1215FD22F529DE006C0A10 /* ContentView.swift in Sources */,
			);
			runOnlyForDeploymentPostprocessing = 0;
		};
/* End PBXSourcesBuildPhase section */

/* Begin PBXVariantGroup section */
		8D12160322F529E0006C0A10 /* LaunchScreen.storyboard */ = {
			isa = PBXVariantGroup;
			children = (
				8D12160422F529E0006C0A10 /* Base */,
			);
			name = LaunchScreen.storyboard;
			sourceTree = "<group>";
		};
/* End PBXVariantGroup section */

/* Begin XCBuildConfiguration section */
		8D12160722F529E0006C0A10 /* Debug */ = {
			isa = XCBuildConfiguration;
			buildSettings = {
				ALWAYS_SEARCH_USER_PATHS = NO;
				CLANG_ANALYZER_NONNULL = YES;
				CLANG_ANALYZER_NUMBER_OBJECT_CONVERSION = YES_AGGRESSIVE;
				CLANG_CXX_LANGUAGE_STANDARD = "gnu++14";
				CLANG_CXX_LIBRARY = "libc++";
				CLANG_ENABLE_MODULES = YES;
				CLANG_ENABLE_OBJC_ARC = YES;
				CLANG_ENABLE_OBJC_WEAK = YES;
				CLANG_WARN_BLOCK_CAPTURE_AUTORELEASING = YES;
				CLANG_WARN_BOOL_CONVERSION = YES;
				CLANG_WARN_COMMA = YES;
				CLANG_WARN_CONSTANT_CONVERSION = YES;
				CLANG_WARN_DEPRECATED_OBJC_IMPLEMENTATIONS = YES;
				CLANG_WARN_DIRECT_OBJC_ISA_USAGE = YES_ERROR;
				CLANG_WARN_DOCUMENTATION_COMMENTS = YES;
				CLANG_WARN_EMPTY_BODY = YES;
				CLANG_WARN_ENUM_CONVERSION = YES;
				CLANG_WARN_INFINITE_RECURSION = YES;
				CLANG_WARN_INT_CONVERSION = YES;
				CLANG_WARN_NON_LITERAL_NULL_CONVERSION = YES;
				CLANG_WARN_OBJC_IMPLICIT_RETAIN_SELF = YES;
				CLANG_WARN_OBJC_LITERAL_CONVERSION = YES;
				CLANG_WARN_OBJC_ROOT_CLASS = YES_ERROR;
				CLANG_WARN_RANGE_LOOP_ANALYSIS = YES;
				CLANG_WARN_STRICT_PROTOTYPES = YES;
				CLANG_WARN_SUSPICIOUS_MOVE = YES;
				CLANG_WARN_UNGUARDED_AVAILABILITY = YES_AGGRESSIVE;
				CLANG_WARN_UNREACHABLE_CODE = YES;
				CLANG_WARN__DUPLICATE_METHOD_MATCH = YES;
				COPY_PHASE_STRIP = NO;
				DEBUG_INFORMATION_FORMAT = dwarf;
				ENABLE_STRICT_OBJC_MSGSEND = YES;
				ENABLE_TESTABILITY = YES;
				GCC_C_LANGUAGE_STANDARD = gnu11;
				GCC_DYNAMIC_NO_PIC = NO;
				GCC_NO_COMMON_BLOCKS = YES;
				GCC_OPTIMIZATION_LEVEL = 0;
				GCC_PREPROCESSOR_DEFINITIONS = (
					"DEBUG=1",
					"$(inherited)",
				);
				GCC_WARN_64_TO_32_BIT_CONVERSION = YES;
				GCC_WARN_ABOUT_RETURN_TYPE = YES_ERROR;
				GCC_WARN_UNDECLARED_SELECTOR = YES;
				GCC_WARN_UNINITIALIZED_AUTOS = YES_AGGRESSIVE;
				GCC_WARN_UNUSED_FUNCTION = YES;
				GCC_WARN_UNUSED_VARIABLE = YES;
				IPHONEOS_DEPLOYMENT_TARGET = 13.0;
				MTL_ENABLE_DEBUG_INFO = INCLUDE_SOURCE;
				MTL_FAST_MATH = YES;
				ONLY_ACTIVE_ARCH = YES;
				SDKROOT = iphoneos;
				SWIFT_ACTIVE_COMPILATION_CONDITIONS = DEBUG;
				SWIFT_OPTIMIZATION_LEVEL = "-Onone";
			};
			name = Debug;
		};
		8D12160822F529E0006C0A10 /* Release */ = {
			isa = XCBuildConfiguration;
			buildSettings = {
				ALWAYS_SEARCH_USER_PATHS = NO;
				CLANG_ANALYZER_NONNULL = YES;
				CLANG_ANALYZER_NUMBER_OBJECT_CONVERSION = YES_AGGRESSIVE;
				CLANG_CXX_LANGUAGE_STANDARD = "gnu++14";
				CLANG_CXX_LIBRARY = "libc++";
				CLANG_ENABLE_MODULES = YES;
				CLANG_ENABLE_OBJC_ARC = YES;
				CLANG_ENABLE_OBJC_WEAK = YES;
				CLANG_WARN_BLOCK_CAPTURE_AUTORELEASING = YES;
				CLANG_WARN_BOOL_CONVERSION = YES;
				CLANG_WARN_COMMA = YES;
				CLANG_WARN_CONSTANT_CONVERSION = YES;
				CLANG_WARN_DEPRECATED_OBJC_IMPLEMENTATIONS = YES;
				CLANG_WARN_DIRECT_OBJC_ISA_USAGE = YES_ERROR;
				CLANG_WARN_DOCUMENTATION_COMMENTS = YES;
				CLANG_WARN_EMPTY_BODY = YES;
				CLANG_WARN_ENUM_CONVERSION = YES;
				CLANG_WARN_INFINITE_RECURSION = YES;
				CLANG_WARN_INT_CONVERSION = YES;
				CLANG_WARN_NON_LITERAL_NULL_CONVERSION = YES;
				CLANG_WARN_OBJC_IMPLICIT_RETAIN_SELF = YES;
				CLANG_WARN_OBJC_LITERAL_CONVERSION = YES;
				CLANG_WARN_OBJC_ROOT_CLASS = YES_ERROR;
				CLANG_WARN_RANGE_LOOP_ANALYSIS = YES;
				CLANG_WARN_STRICT_PROTOTYPES = YES;
				CLANG_WARN_SUSPICIOUS_MOVE = YES;
				CLANG_WARN_UNGUARDED_AVAILABILITY = YES_AGGRESSIVE;
				CLANG_WARN_UNREACHABLE_CODE = YES;
				CLANG_WARN__DUPLICATE_METHOD_MATCH = YES;
				COPY_PHASE_STRIP = NO;
				DEBUG_INFORMATION_FORMAT = "dwarf-with-dsym";
				ENABLE_NS_ASSERTIONS = NO;
				ENABLE_STRICT_OBJC_MSGSEND = YES;
				GCC_C_LANGUAGE_STANDARD = gnu11;
				GCC_NO_COMMON_BLOCKS = YES;
				GCC_WARN_64_TO_32_BIT_CONVERSION = YES;
				GCC_WARN_ABOUT_RETURN_TYPE = YES_ERROR;
				GCC_WARN_UNDECLARED_SELECTOR = YES;
				GCC_WARN_UNINITIALIZED_AUTOS = YES_AGGRESSIVE;
				GCC_WARN_UNUSED_FUNCTION = YES;
				GCC_WARN_UNUSED_VARIABLE = YES;
				IPHONEOS_DEPLOYMENT_TARGET = 13.0;
				MTL_ENABLE_DEBUG_INFO = NO;
				MTL_FAST_MATH = YES;
				SDKROOT = iphoneos;
				SWIFT_COMPILATION_MODE = wholemodule;
				SWIFT_OPTIMIZATION_LEVEL = "-O";
				VALIDATE_PRODUCT = YES;
			};
			name = Release;
		};
		8D12160A22F529E0006C0A10 /* Debug */ = {
			isa = XCBuildConfiguration;
			buildSettings = {
				ASSETCATALOG_COMPILER_APPICON_NAME = AppIcon;
				CODE_SIGN_STYLE = Automatic;
				DEVELOPMENT_ASSET_PATHS = "Understanding-ObservableObject/Preview\\ Content";
				DEVELOPMENT_TEAM = B2Q8EGNCQA;
				ENABLE_PREVIEWS = YES;
				INFOPLIST_FILE = "Understanding-ObservableObject/Info.plist";
				LD_RUNPATH_SEARCH_PATHS = (
					"$(inherited)",
					"@executable_path/Frameworks",
				);
				PRODUCT_BUNDLE_IDENTIFIER = "com.jaberi.Understanding-ObservableObject";
				PRODUCT_NAME = "$(TARGET_NAME)";
				SWIFT_VERSION = 5.0;
				TARGETED_DEVICE_FAMILY = "1,2";
			};
			name = Debug;
		};
		8D12160B22F529E0006C0A10 /* Release */ = {
			isa = XCBuildConfiguration;
			buildSettings = {
				ASSETCATALOG_COMPILER_APPICON_NAME = AppIcon;
				CODE_SIGN_STYLE = Automatic;
				DEVELOPMENT_ASSET_PATHS = "Understanding-ObservableObject/Preview\\ Content";
				DEVELOPMENT_TEAM = B2Q8EGNCQA;
				ENABLE_PREVIEWS = YES;
				INFOPLIST_FILE = "Understanding-ObservableObject/Info.plist";
				LD_RUNPATH_SEARCH_PATHS = (
					"$(inherited)",
					"@executable_path/Frameworks",
				);
				PRODUCT_BUNDLE_IDENTIFIER = "com.jaberi.Understanding-ObservableObject";
				PRODUCT_NAME = "$(TARGET_NAME)";
				SWIFT_VERSION = 5.0;
				TARGETED_DEVICE_FAMILY = "1,2";
			};
			name = Release;
		};
/* End XCBuildConfiguration section */

/* Begin XCConfigurationList section */
		8D1215F022F529DE006C0A10 /* Build configuration list for PBXProject "Understanding-ObservableObject" */ = {
			isa = XCConfigurationList;
			buildConfigurations = (
				8D12160722F529E0006C0A10 /* Debug */,
				8D12160822F529E0006C0A10 /* Release */,
			);
			defaultConfigurationIsVisible = 0;
			defaultConfigurationName = Release;
		};
		8D12160922F529E0006C0A10 /* Build configuration list for PBXNativeTarget "Understanding-ObservableObject" */ = {
			isa = XCConfigurationList;
			buildConfigurations = (
				8D12160A22F529E0006C0A10 /* Debug */,
				8D12160B22F529E0006C0A10 /* Release */,
			);
			defaultConfigurationIsVisible = 0;
			defaultConfigurationName = Release;
		};
/* End XCConfigurationList section */
	};
	rootObject = 8D1215ED22F529DE006C0A10 /* Project object */;
}
