// !$*UTF8*$!
{
	archiveVersion = 1;
	classes = {
	};
	objectVersion = 50;
	objects = {

/* Begin PBXBuildFile section */
		8D821EF62468AB840087C339 /* AppDelegate.swift in Sources */ = {isa = PBXBuildFile; fileRef = 8D821EF52468AB840087C339 /* AppDelegate.swift */; };
		8D821EF82468AB840087C339 /* SceneDelegate.swift in Sources */ = {isa = PBXBuildFile; fileRef = 8D821EF72468AB840087C339 /* SceneDelegate.swift */; };
		8D821EFA2468AB840087C339 /* ContentView.swift in Sources */ = {isa = PBXBuildFile; fileRef = 8D821EF92468AB840087C339 /* ContentView.swift */; };
		8D821EFC2468AB850087C339 /* Assets.xcassets in Resources */ = {isa = PBXBuildFile; fileRef = 8D821EFB2468AB850087C339 /* Assets.xcassets */; };
		8D821EFF2468AB850087C339 /* Preview Assets.xcassets in Resources */ = {isa = PBXBuildFile; fileRef = 8D821EFE2468AB850087C339 /* Preview Assets.xcassets */; };
		8D821F022468AB850087C339 /* LaunchScreen.storyboard in Resources */ = {isa = PBXBuildFile; fileRef = 8D821F002468AB850087C339 /* LaunchScreen.storyboard */; };
		8D821F0E2468AF7B0087C339 /* NeumorphicImageButton.swift in Sources */ = {isa = PBXBuildFile; fileRef = 8D821F0D2468AF7B0087C339 /* NeumorphicImageButton.swift */; };
/* End PBXBuildFile section */

/* Begin PBXFileReference section */
		8D821EF22468AB840087C339 /* IntroNeumorphicDesign.app */ = {isa = PBXFileReference; explicitFileType = wrapper.application; includeInIndex = 0; path = IntroNeumorphicDesign.app; sourceTree = BUILT_PRODUCTS_DIR; };
		8D821EF52468AB840087C339 /* AppDelegate.swift */ = {isa = PBXFileReference; lastKnownFileType = sourcecode.swift; path = AppDelegate.swift; sourceTree = "<group>"; };
		8D821EF72468AB840087C339 /* SceneDelegate.swift */ = {isa = PBXFileReference; lastKnownFileType = sourcecode.swift; path = SceneDelegate.swift; sourceTree = "<group>"; };
		8D821EF92468AB840087C339 /* ContentView.swift */ = {isa = PBXFileReference; lastKnownFileType = sourcecode.swift; path = ContentView.swift; sourceTree = "<group>"; };
		8D821EFB2468AB850087C339 /* Assets.xcassets */ = {isa = PBXFileReference; lastKnownFileType = folder.assetcatalog; path = Assets.xcassets; sourceTree = "<group>"; };
		8D821EFE2468AB850087C339 /* Preview Assets.xcassets */ = {isa = PBXFileReference; lastKnownFileType = folder.assetcatalog; path = "Preview Assets.xcassets"; sourceTree = "<group>"; };
		8D821F012468AB850087C339 /* Base */ = {isa = PBXFileReference; lastKnownFileType = file.storyboard; name = Base; path = Base.lproj/LaunchScreen.storyboard; sourceTree = "<group>"; };
		8D821F032468AB850087C339 /* Info.plist */ = {isa = PBXFileReference; lastKnownFileType = text.plist.xml; path = Info.plist; sourceTree = "<group>"; };
		8D821F0D2468AF7B0087C339 /* NeumorphicImageButton.swift */ = {isa = PBXFileReference; lastKnownFileType = sourcecode.swift; path = NeumorphicImageButton.swift; sourceTree = "<group>"; };
/* End PBXFileReference section */

/* Begin PBXFrameworksBuildPhase section */
		8D821EEF2468AB840087C339 /* Frameworks */ = {
			isa = PBXFrameworksBuildPhase;
			buildActionMask = 2147483647;
			files = (
			);
			runOnlyForDeploymentPostprocessing = 0;
		};
/* End PBXFrameworksBuildPhase section */

/* Begin PBXGroup section */
		8D821EE92468AB840087C339 = {
			isa = PBXGroup;
			children = (
				8D821EF42468AB840087C339 /* IntroNeumorphicDesign */,
				8D821EF32468AB840087C339 /* Products */,
			);
			sourceTree = "<group>";
		};
		8D821EF32468AB840087C339 /* Products */ = {
			isa = PBXGroup;
			children = (
				8D821EF22468AB840087C339 /* IntroNeumorphicDesign.app */,
			);
			name = Products;
			sourceTree = "<group>";
		};
		8D821EF42468AB840087C339 /* IntroNeumorphicDesign */ = {
			isa = PBXGroup;
			children = (
				8D821EF52468AB840087C339 /* AppDelegate.swift */,
				8D821EF72468AB840087C339 /* SceneDelegate.swift */,
				8D821F0D2468AF7B0087C339 /* NeumorphicImageButton.swift */,
				8D821EF92468AB840087C339 /* ContentView.swift */,
				8D821EFB2468AB850087C339 /* Assets.xcassets */,
				8D821F002468AB850087C339 /* LaunchScreen.storyboard */,
				8D821F032468AB850087C339 /* Info.plist */,
				8D821EFD2468AB850087C339 /* Preview Content */,
			);
			path = IntroNeumorphicDesign;
			sourceTree = "<group>";
		};
		8D821EFD2468AB850087C339 /* Preview Content */ = {
			isa = PBXGroup;
			children = (
				8D821EFE2468AB850087C339 /* Preview Assets.xcassets */,
			);
			path = "Preview Content";
			sourceTree = "<group>";
		};
/* End PBXGroup section */

/* Begin PBXNativeTarget section */
		8D821EF12468AB840087C339 /* IntroNeumorphicDesign */ = {
			isa = PBXNativeTarget;
			buildConfigurationList = 8D821F062468AB850087C339 /* Build configuration list for PBXNativeTarget "IntroNeumorphicDesign" */;
			buildPhases = (
				8D821EEE2468AB840087C339 /* Sources */,
				8D821EEF2468AB840087C339 /* Frameworks */,
				8D821EF02468AB840087C339 /* Resources */,
			);
			buildRules = (
			);
			dependencies = (
			);
			name = IntroNeumorphicDesign;
			productName = IntroNeumorphicDesign;
			productReference = 8D821EF22468AB840087C339 /* IntroNeumorphicDesign.app */;
			productType = "com.apple.product-type.application";
		};
/* End PBXNativeTarget section */

/* Begin PBXProject section */
		8D821EEA2468AB840087C339 /* Project object */ = {
			isa = PBXProject;
			attributes = {
				LastSwiftUpdateCheck = 1140;
				LastUpgradeCheck = 1140;
				ORGANIZATIONNAME = "";
				TargetAttributes = {
					8D821EF12468AB840087C339 = {
						CreatedOnToolsVersion = 11.4.1;
					};
				};
			};
			buildConfigurationList = 8D821EED2468AB840087C339 /* Build configuration list for PBXProject "IntroNeumorphicDesign" */;
			compatibilityVersion = "Xcode 9.3";
			developmentRegion = en;
			hasScannedForEncodings = 0;
			knownRegions = (
				en,
				Base,
			);
			mainGroup = 8D821EE92468AB840087C339;
			productRefGroup = 8D821EF32468AB840087C339 /* Products */;
			projectDirPath = "";
			projectRoot = "";
			targets = (
				8D821EF12468AB840087C339 /* IntroNeumorphicDesign */,
			);
		};
/* End PBXProject section */

/* Begin PBXResourcesBuildPhase section */
		8D821EF02468AB840087C339 /* Resources */ = {
			isa = PBXResourcesBuildPhase;
			buildActionMask = 2147483647;
			files = (
				8D821F022468AB850087C339 /* LaunchScreen.storyboard in Resources */,
				8D821EFF2468AB850087C339 /* Preview Assets.xcassets in Resources */,
				8D821EFC2468AB850087C339 /* Assets.xcassets in Resources */,
			);
			runOnlyForDeploymentPostprocessing = 0;
		};
/* End PBXResourcesBuildPhase section */

/* Begin PBXSourcesBuildPhase section */
		8D821EEE2468AB840087C339 /* Sources */ = {
			isa = PBXSourcesBuildPhase;
			buildActionMask = 2147483647;
			files = (
				8D821EF62468AB840087C339 /* AppDelegate.swift in Sources */,
				8D821EF82468AB840087C339 /* SceneDelegate.swift in Sources */,
				8D821EFA2468AB840087C339 /* ContentView.swift in Sources */,
				8D821F0E2468AF7B0087C339 /* NeumorphicImageButton.swift in Sources */,
			);
			runOnlyForDeploymentPostprocessing = 0;
		};
/* End PBXSourcesBuildPhase section */

/* Begin PBXVariantGroup section */
		8D821F002468AB850087C339 /* LaunchScreen.storyboard */ = {
			isa = PBXVariantGroup;
			children = (
				8D821F012468AB850087C339 /* Base */,
			);
			name = LaunchScreen.storyboard;
			sourceTree = "<group>";
		};
/* End PBXVariantGroup section */

/* Begin XCBuildConfiguration section */
		8D821F042468AB850087C339 /* Debug */ = {
			isa = XCBuildConfiguration;
			buildSettings = {
				ALWAYS_SEARCH_USER_PATHS = NO;
				CLANG_ANALYZER_NONNULL = YES;
				CLANG_ANALYZER_NUMBER_OBJECT_CONVERSION = YES_AGGRESSIVE;
				CLANG_CXX_LANGUAGE_STANDARD = "gnu++14";
				CLANG_CXX_LIBRARY = "libc++";
				CLANG_ENABLE_MODULES = YES;
				CLANG_ENABLE_OBJC_ARC = YES;
				CLANG_ENABLE_OBJC_WEAK = YES;
				CLANG_WARN_BLOCK_CAPTURE_AUTORELEASING = YES;
				CLANG_WARN_BOOL_CONVERSION = YES;
				CLANG_WARN_COMMA = YES;
				CLANG_WARN_CONSTANT_CONVERSION = YES;
				CLANG_WARN_DEPRECATED_OBJC_IMPLEMENTATIONS = YES;
				CLANG_WARN_DIRECT_OBJC_ISA_USAGE = YES_ERROR;
				CLANG_WARN_DOCUMENTATION_COMMENTS = YES;
				CLANG_WARN_EMPTY_BODY = YES;
				CLANG_WARN_ENUM_CONVERSION = YES;
				CLANG_WARN_INFINITE_RECURSION = YES;
				CLANG_WARN_INT_CONVERSION = YES;
				CLANG_WARN_NON_LITERAL_NULL_CONVERSION = YES;
				CLANG_WARN_OBJC_IMPLICIT_RETAIN_SELF = YES;
				CLANG_WARN_OBJC_LITERAL_CONVERSION = YES;
				CLANG_WARN_OBJC_ROOT_CLASS = YES_ERROR;
				CLANG_WARN_RANGE_LOOP_ANALYSIS = YES;
				CLANG_WARN_STRICT_PROTOTYPES = YES;
				CLANG_WARN_SUSPICIOUS_MOVE = YES;
				CLANG_WARN_UNGUARDED_AVAILABILITY = YES_AGGRESSIVE;
				CLANG_WARN_UNREACHABLE_CODE = YES;
				CLANG_WARN__DUPLICATE_METHOD_MATCH = YES;
				COPY_PHASE_STRIP = NO;
				DEBUG_INFORMATION_FORMAT = dwarf;
				ENABLE_STRICT_OBJC_MSGSEND = YES;
				ENABLE_TESTABILITY = YES;
				GCC_C_LANGUAGE_STANDARD = gnu11;
				GCC_DYNAMIC_NO_PIC = NO;
				GCC_NO_COMMON_BLOCKS = YES;
				GCC_OPTIMIZATION_LEVEL = 0;
				GCC_PREPROCESSOR_DEFINITIONS = (
					"DEBUG=1",
					"$(inherited)",
				);
				GCC_WARN_64_TO_32_BIT_CONVERSION = YES;
				GCC_WARN_ABOUT_RETURN_TYPE = YES_ERROR;
				GCC_WARN_UNDECLARED_SELECTOR = YES;
				GCC_WARN_UNINITIALIZED_AUTOS = YES_AGGRESSIVE;
				GCC_WARN_UNUSED_FUNCTION = YES;
				GCC_WARN_UNUSED_VARIABLE = YES;
				IPHONEOS_DEPLOYMENT_TARGET = 13.4;
				MTL_ENABLE_DEBUG_INFO = INCLUDE_SOURCE;
				MTL_FAST_MATH = YES;
				ONLY_ACTIVE_ARCH = YES;
				SDKROOT = iphoneos;
				SWIFT_ACTIVE_COMPILATION_CONDITIONS = DEBUG;
				SWIFT_OPTIMIZATION_LEVEL = "-Onone";
			};
			name = Debug;
		};
		8D821F052468AB850087C339 /* Release */ = {
			isa = XCBuildConfiguration;
			buildSettings = {
				ALWAYS_SEARCH_USER_PATHS = NO;
				CLANG_ANALYZER_NONNULL = YES;
				CLANG_ANALYZER_NUMBER_OBJECT_CONVERSION = YES_AGGRESSIVE;
				CLANG_CXX_LANGUAGE_STANDARD = "gnu++14";
				CLANG_CXX_LIBRARY = "libc++";
				CLANG_ENABLE_MODULES = YES;
				CLANG_ENABLE_OBJC_ARC = YES;
				CLANG_ENABLE_OBJC_WEAK = YES;
				CLANG_WARN_BLOCK_CAPTURE_AUTORELEASING = YES;
				CLANG_WARN_BOOL_CONVERSION = YES;
				CLANG_WARN_COMMA = YES;
				CLANG_WARN_CONSTANT_CONVERSION = YES;
				CLANG_WARN_DEPRECATED_OBJC_IMPLEMENTATIONS = YES;
				CLANG_WARN_DIRECT_OBJC_ISA_USAGE = YES_ERROR;
				CLANG_WARN_DOCUMENTATION_COMMENTS = YES;
				CLANG_WARN_EMPTY_BODY = YES;
				CLANG_WARN_ENUM_CONVERSION = YES;
				CLANG_WARN_INFINITE_RECURSION = YES;
				CLANG_WARN_INT_CONVERSION = YES;
				CLANG_WARN_NON_LITERAL_NULL_CONVERSION = YES;
				CLANG_WARN_OBJC_IMPLICIT_RETAIN_SELF = YES;
				CLANG_WARN_OBJC_LITERAL_CONVERSION = YES;
				CLANG_WARN_OBJC_ROOT_CLASS = YES_ERROR;
				CLANG_WARN_RANGE_LOOP_ANALYSIS = YES;
				CLANG_WARN_STRICT_PROTOTYPES = YES;
				CLANG_WARN_SUSPICIOUS_MOVE = YES;
				CLANG_WARN_UNGUARDED_AVAILABILITY = YES_AGGRESSIVE;
				CLANG_WARN_UNREACHABLE_CODE = YES;
				CLANG_WARN__DUPLICATE_METHOD_MATCH = YES;
				COPY_PHASE_STRIP = NO;
				DEBUG_INFORMATION_FORMAT = "dwarf-with-dsym";
				ENABLE_NS_ASSERTIONS = NO;
				ENABLE_STRICT_OBJC_MSGSEND = YES;
				GCC_C_LANGUAGE_STANDARD = gnu11;
				GCC_NO_COMMON_BLOCKS = YES;
				GCC_WARN_64_TO_32_BIT_CONVERSION = YES;
				GCC_WARN_ABOUT_RETURN_TYPE = YES_ERROR;
				GCC_WARN_UNDECLARED_SELECTOR = YES;
				GCC_WARN_UNINITIALIZED_AUTOS = YES_AGGRESSIVE;
				GCC_WARN_UNUSED_FUNCTION = YES;
				GCC_WARN_UNUSED_VARIABLE = YES;
				IPHONEOS_DEPLOYMENT_TARGET = 13.4;
				MTL_ENABLE_DEBUG_INFO = NO;
				MTL_FAST_MATH = YES;
				SDKROOT = iphoneos;
				SWIFT_COMPILATION_MODE = wholemodule;
				SWIFT_OPTIMIZATION_LEVEL = "-O";
				VALIDATE_PRODUCT = YES;
			};
			name = Release;
		};
		8D821F072468AB850087C339 /* Debug */ = {
			isa = XCBuildConfiguration;
			buildSettings = {
				ASSETCATALOG_COMPILER_APPICON_NAME = AppIcon;
				CODE_SIGN_STYLE = Automatic;
				DEVELOPMENT_ASSET_PATHS = "\"IntroNeumorphicDesign/Preview Content\"";
				DEVELOPMENT_TEAM = B2Q8EGNCQA;
				ENABLE_PREVIEWS = YES;
				INFOPLIST_FILE = IntroNeumorphicDesign/Info.plist;
				LD_RUNPATH_SEARCH_PATHS = (
					"$(inherited)",
					"@executable_path/Frameworks",
				);
				PRODUCT_BUNDLE_IDENTIFIER = com.jaberi.IntroNeumorphicDesign;
				PRODUCT_NAME = "$(TARGET_NAME)";
				SWIFT_VERSION = 5.0;
				TARGETED_DEVICE_FAMILY = "1,2";
			};
			name = Debug;
		};
		8D821F082468AB850087C339 /* Release */ = {
			isa = XCBuildConfiguration;
			buildSettings = {
				ASSETCATALOG_COMPILER_APPICON_NAME = AppIcon;
				CODE_SIGN_STYLE = Automatic;
				DEVELOPMENT_ASSET_PATHS = "\"IntroNeumorphicDesign/Preview Content\"";
				DEVELOPMENT_TEAM = B2Q8EGNCQA;
				ENABLE_PREVIEWS = YES;
				INFOPLIST_FILE = IntroNeumorphicDesign/Info.plist;
				LD_RUNPATH_SEARCH_PATHS = (
					"$(inherited)",
					"@executable_path/Frameworks",
				);
				PRODUCT_BUNDLE_IDENTIFIER = com.jaberi.IntroNeumorphicDesign;
				PRODUCT_NAME = "$(TARGET_NAME)";
				SWIFT_VERSION = 5.0;
				TARGETED_DEVICE_FAMILY = "1,2";
			};
			name = Release;
		};
/* End XCBuildConfiguration section */

/* Begin XCConfigurationList section */
		8D821EED2468AB840087C339 /* Build configuration list for PBXProject "IntroNeumorphicDesign" */ = {
			isa = XCConfigurationList;
			buildConfigurations = (
				8D821F042468AB850087C339 /* Debug */,
				8D821F052468AB850087C339 /* Release */,
			);
			defaultConfigurationIsVisible = 0;
			defaultConfigurationName = Release;
		};
		8D821F062468AB850087C339 /* Build configuration list for PBXNativeTarget "IntroNeumorphicDesign" */ = {
			isa = XCConfigurationList;
			buildConfigurations = (
				8D821F072468AB850087C339 /* Debug */,
				8D821F082468AB850087C339 /* Release */,
			);
			defaultConfigurationIsVisible = 0;
			defaultConfigurationName = Release;
		};
/* End XCConfigurationList section */
	};
	rootObject = 8D821EEA2468AB840087C339 /* Project object */;
}
