// !$*UTF8*$!
{
	archiveVersion = 1;
	classes = {
	};
	objectVersion = 50;
	objects = {

/* Begin PBXBuildFile section */
		8DA5BE3F22C1B03A002FB769 /* Card.swift in Sources */ = {isa = PBXBuildFile; fileRef = 8DA5BE3E22C1B03A002FB769 /* Card.swift */; };
		8DBA5BE222C1A9D700A429D4 /* AppDelegate.swift in Sources */ = {isa = PBXBuildFile; fileRef = 8DBA5BE122C1A9D700A429D4 /* AppDelegate.swift */; };
		8DBA5BE422C1A9D700A429D4 /* SceneDelegate.swift in Sources */ = {isa = PBXBuildFile; fileRef = 8DBA5BE322C1A9D700A429D4 /* SceneDelegate.swift */; };
		8DBA5BE622C1A9D700A429D4 /* ContentView.swift in Sources */ = {isa = PBXBuildFile; fileRef = 8DBA5BE522C1A9D700A429D4 /* ContentView.swift */; };
		8DBA5BE822C1A9D900A429D4 /* Assets.xcassets in Resources */ = {isa = PBXBuildFile; fileRef = 8DBA5BE722C1A9D900A429D4 /* Assets.xcassets */; };
		8DBA5BEB22C1A9D900A429D4 /* Preview Assets.xcassets in Resources */ = {isa = PBXBuildFile; fileRef = 8DBA5BEA22C1A9D900A429D4 /* Preview Assets.xcassets */; };
		8DBA5BEE22C1A9D900A429D4 /* LaunchScreen.storyboard in Resources */ = {isa = PBXBuildFile; fileRef = 8DBA5BEC22C1A9D900A429D4 /* LaunchScreen.storyboard */; };
/* End PBXBuildFile section */

/* Begin PBXFileReference section */
		8DA5BE3E22C1B03A002FB769 /* Card.swift */ = {isa = PBXFileReference; lastKnownFileType = sourcecode.swift; path = Card.swift; sourceTree = "<group>"; };
		8DBA5BDE22C1A9D700A429D4 /* Demo-Gestures.app */ = {isa = PBXFileReference; explicitFileType = wrapper.application; includeInIndex = 0; path = "Demo-Gestures.app"; sourceTree = BUILT_PRODUCTS_DIR; };
		8DBA5BE122C1A9D700A429D4 /* AppDelegate.swift */ = {isa = PBXFileReference; lastKnownFileType = sourcecode.swift; path = AppDelegate.swift; sourceTree = "<group>"; };
		8DBA5BE322C1A9D700A429D4 /* SceneDelegate.swift */ = {isa = PBXFileReference; lastKnownFileType = sourcecode.swift; path = SceneDelegate.swift; sourceTree = "<group>"; };
		8DBA5BE522C1A9D700A429D4 /* ContentView.swift */ = {isa = PBXFileReference; lastKnownFileType = sourcecode.swift; path = ContentView.swift; sourceTree = "<group>"; };
		8DBA5BE722C1A9D900A429D4 /* Assets.xcassets */ = {isa = PBXFileReference; lastKnownFileType = folder.assetcatalog; path = Assets.xcassets; sourceTree = "<group>"; };
		8DBA5BEA22C1A9D900A429D4 /* Preview Assets.xcassets */ = {isa = PBXFileReference; lastKnownFileType = folder.assetcatalog; path = "Preview Assets.xcassets"; sourceTree = "<group>"; };
		8DBA5BED22C1A9D900A429D4 /* Base */ = {isa = PBXFileReference; lastKnownFileType = file.storyboard; name = Base; path = Base.lproj/LaunchScreen.storyboard; sourceTree = "<group>"; };
		8DBA5BEF22C1A9D900A429D4 /* Info.plist */ = {isa = PBXFileReference; lastKnownFileType = text.plist.xml; path = Info.plist; sourceTree = "<group>"; };
/* End PBXFileReference section */

/* Begin PBXFrameworksBuildPhase section */
		8DBA5BDB22C1A9D700A429D4 /* Frameworks */ = {
			isa = PBXFrameworksBuildPhase;
			buildActionMask = 2147483647;
			files = (
			);
			runOnlyForDeploymentPostprocessing = 0;
		};
/* End PBXFrameworksBuildPhase section */

/* Begin PBXGroup section */
		8DBA5BD522C1A9D700A429D4 = {
			isa = PBXGroup;
			children = (
				8DBA5BE022C1A9D700A429D4 /* Demo-Gestures */,
				8DBA5BDF22C1A9D700A429D4 /* Products */,
			);
			sourceTree = "<group>";
		};
		8DBA5BDF22C1A9D700A429D4 /* Products */ = {
			isa = PBXGroup;
			children = (
				8DBA5BDE22C1A9D700A429D4 /* Demo-Gestures.app */,
			);
			name = Products;
			sourceTree = "<group>";
		};
		8DBA5BE022C1A9D700A429D4 /* Demo-Gestures */ = {
			isa = PBXGroup;
			children = (
				8DBA5BF522C1A9E400A429D4 /* Views */,
				8DBA5BE122C1A9D700A429D4 /* AppDelegate.swift */,
				8DBA5BE322C1A9D700A429D4 /* SceneDelegate.swift */,
				8DBA5BE522C1A9D700A429D4 /* ContentView.swift */,
				8DBA5BE722C1A9D900A429D4 /* Assets.xcassets */,
				8DBA5BEC22C1A9D900A429D4 /* LaunchScreen.storyboard */,
				8DBA5BEF22C1A9D900A429D4 /* Info.plist */,
				8DBA5BE922C1A9D900A429D4 /* Preview Content */,
			);
			path = "Demo-Gestures";
			sourceTree = "<group>";
		};
		8DBA5BE922C1A9D900A429D4 /* Preview Content */ = {
			isa = PBXGroup;
			children = (
				8DBA5BEA22C1A9D900A429D4 /* Preview Assets.xcassets */,
			);
			path = "Preview Content";
			sourceTree = "<group>";
		};
		8DBA5BF522C1A9E400A429D4 /* Views */ = {
			isa = PBXGroup;
			children = (
				8DA5BE3E22C1B03A002FB769 /* Card.swift */,
			);
			path = Views;
			sourceTree = "<group>";
		};
/* End PBXGroup section */

/* Begin PBXNativeTarget section */
		8DBA5BDD22C1A9D700A429D4 /* Demo-Gestures */ = {
			isa = PBXNativeTarget;
			buildConfigurationList = 8DBA5BF222C1A9D900A429D4 /* Build configuration list for PBXNativeTarget "Demo-Gestures" */;
			buildPhases = (
				8DBA5BDA22C1A9D700A429D4 /* Sources */,
				8DBA5BDB22C1A9D700A429D4 /* Frameworks */,
				8DBA5BDC22C1A9D700A429D4 /* Resources */,
			);
			buildRules = (
			);
			dependencies = (
			);
			name = "Demo-Gestures";
			productName = "Demo-Gestures";
			productReference = 8DBA5BDE22C1A9D700A429D4 /* Demo-Gestures.app */;
			productType = "com.apple.product-type.application";
		};
/* End PBXNativeTarget section */

/* Begin PBXProject section */
		8DBA5BD622C1A9D700A429D4 /* Project object */ = {
			isa = PBXProject;
			attributes = {
				LastSwiftUpdateCheck = 1100;
				LastUpgradeCheck = 1100;
				ORGANIZATIONNAME = "";
				TargetAttributes = {
					8DBA5BDD22C1A9D700A429D4 = {
						CreatedOnToolsVersion = 11.0;
					};
				};
			};
			buildConfigurationList = 8DBA5BD922C1A9D700A429D4 /* Build configuration list for PBXProject "Demo-Gestures" */;
			compatibilityVersion = "Xcode 9.3";
			developmentRegion = en;
			hasScannedForEncodings = 0;
			knownRegions = (
				en,
				Base,
			);
			mainGroup = 8DBA5BD522C1A9D700A429D4;
			productRefGroup = 8DBA5BDF22C1A9D700A429D4 /* Products */;
			projectDirPath = "";
			projectRoot = "";
			targets = (
				8DBA5BDD22C1A9D700A429D4 /* Demo-Gestures */,
			);
		};
/* End PBXProject section */

/* Begin PBXResourcesBuildPhase section */
		8DBA5BDC22C1A9D700A429D4 /* Resources */ = {
			isa = PBXResourcesBuildPhase;
			buildActionMask = 2147483647;
			files = (
				8DBA5BEE22C1A9D900A429D4 /* LaunchScreen.storyboard in Resources */,
				8DBA5BEB22C1A9D900A429D4 /* Preview Assets.xcassets in Resources */,
				8DBA5BE822C1A9D900A429D4 /* Assets.xcassets in Resources */,
			);
			runOnlyForDeploymentPostprocessing = 0;
		};
/* End PBXResourcesBuildPhase section */

/* Begin PBXSourcesBuildPhase section */
		8DBA5BDA22C1A9D700A429D4 /* Sources */ = {
			isa = PBXSourcesBuildPhase;
			buildActionMask = 2147483647;
			files = (
				8DBA5BE222C1A9D700A429D4 /* AppDelegate.swift in Sources */,
				8DBA5BE422C1A9D700A429D4 /* SceneDelegate.swift in Sources */,
				8DBA5BE622C1A9D700A429D4 /* ContentView.swift in Sources */,
				8DA5BE3F22C1B03A002FB769 /* Card.swift in Sources */,
			);
			runOnlyForDeploymentPostprocessing = 0;
		};
/* End PBXSourcesBuildPhase section */

/* Begin PBXVariantGroup section */
		8DBA5BEC22C1A9D900A429D4 /* LaunchScreen.storyboard */ = {
			isa = PBXVariantGroup;
			children = (
				8DBA5BED22C1A9D900A429D4 /* Base */,
			);
			name = LaunchScreen.storyboard;
			sourceTree = "<group>";
		};
/* End PBXVariantGroup section */

/* Begin XCBuildConfiguration section */
		8DBA5BF022C1A9D900A429D4 /* Debug */ = {
			isa = XCBuildConfiguration;
			buildSettings = {
				ALWAYS_SEARCH_USER_PATHS = NO;
				CLANG_ANALYZER_NONNULL = YES;
				CLANG_ANALYZER_NUMBER_OBJECT_CONVERSION = YES_AGGRESSIVE;
				CLANG_CXX_LANGUAGE_STANDARD = "gnu++14";
				CLANG_CXX_LIBRARY = "libc++";
				CLANG_ENABLE_MODULES = YES;
				CLANG_ENABLE_OBJC_ARC = YES;
				CLANG_ENABLE_OBJC_WEAK = YES;
				CLANG_WARN_BLOCK_CAPTURE_AUTORELEASING = YES;
				CLANG_WARN_BOOL_CONVERSION = YES;
				CLANG_WARN_COMMA = YES;
				CLANG_WARN_CONSTANT_CONVERSION = YES;
				CLANG_WARN_DEPRECATED_OBJC_IMPLEMENTATIONS = YES;
				CLANG_WARN_DIRECT_OBJC_ISA_USAGE = YES_ERROR;
				CLANG_WARN_DOCUMENTATION_COMMENTS = YES;
				CLANG_WARN_EMPTY_BODY = YES;
				CLANG_WARN_ENUM_CONVERSION = YES;
				CLANG_WARN_INFINITE_RECURSION = YES;
				CLANG_WARN_INT_CONVERSION = YES;
				CLANG_WARN_NON_LITERAL_NULL_CONVERSION = YES;
				CLANG_WARN_OBJC_IMPLICIT_RETAIN_SELF = YES;
				CLANG_WARN_OBJC_LITERAL_CONVERSION = YES;
				CLANG_WARN_OBJC_ROOT_CLASS = YES_ERROR;
				CLANG_WARN_RANGE_LOOP_ANALYSIS = YES;
				CLANG_WARN_STRICT_PROTOTYPES = YES;
				CLANG_WARN_SUSPICIOUS_MOVE = YES;
				CLANG_WARN_UNGUARDED_AVAILABILITY = YES_AGGRESSIVE;
				CLANG_WARN_UNREACHABLE_CODE = YES;
				CLANG_WARN__DUPLICATE_METHOD_MATCH = YES;
				COPY_PHASE_STRIP = NO;
				DEBUG_INFORMATION_FORMAT = dwarf;
				ENABLE_STRICT_OBJC_MSGSEND = YES;
				ENABLE_TESTABILITY = YES;
				GCC_C_LANGUAGE_STANDARD = gnu11;
				GCC_DYNAMIC_NO_PIC = NO;
				GCC_NO_COMMON_BLOCKS = YES;
				GCC_OPTIMIZATION_LEVEL = 0;
				GCC_PREPROCESSOR_DEFINITIONS = (
					"DEBUG=1",
					"$(inherited)",
				);
				GCC_WARN_64_TO_32_BIT_CONVERSION = YES;
				GCC_WARN_ABOUT_RETURN_TYPE = YES_ERROR;
				GCC_WARN_UNDECLARED_SELECTOR = YES;
				GCC_WARN_UNINITIALIZED_AUTOS = YES_AGGRESSIVE;
				GCC_WARN_UNUSED_FUNCTION = YES;
				GCC_WARN_UNUSED_VARIABLE = YES;
				IPHONEOS_DEPLOYMENT_TARGET = 13.0;
				MTL_ENABLE_DEBUG_INFO = INCLUDE_SOURCE;
				MTL_FAST_MATH = YES;
				ONLY_ACTIVE_ARCH = YES;
				SDKROOT = iphoneos;
				SWIFT_ACTIVE_COMPILATION_CONDITIONS = DEBUG;
				SWIFT_OPTIMIZATION_LEVEL = "-Onone";
			};
			name = Debug;
		};
		8DBA5BF122C1A9D900A429D4 /* Release */ = {
			isa = XCBuildConfiguration;
			buildSettings = {
				ALWAYS_SEARCH_USER_PATHS = NO;
				CLANG_ANALYZER_NONNULL = YES;
				CLANG_ANALYZER_NUMBER_OBJECT_CONVERSION = YES_AGGRESSIVE;
				CLANG_CXX_LANGUAGE_STANDARD = "gnu++14";
				CLANG_CXX_LIBRARY = "libc++";
				CLANG_ENABLE_MODULES = YES;
				CLANG_ENABLE_OBJC_ARC = YES;
				CLANG_ENABLE_OBJC_WEAK = YES;
				CLANG_WARN_BLOCK_CAPTURE_AUTORELEASING = YES;
				CLANG_WARN_BOOL_CONVERSION = YES;
				CLANG_WARN_COMMA = YES;
				CLANG_WARN_CONSTANT_CONVERSION = YES;
				CLANG_WARN_DEPRECATED_OBJC_IMPLEMENTATIONS = YES;
				CLANG_WARN_DIRECT_OBJC_ISA_USAGE = YES_ERROR;
				CLANG_WARN_DOCUMENTATION_COMMENTS = YES;
				CLANG_WARN_EMPTY_BODY = YES;
				CLANG_WARN_ENUM_CONVERSION = YES;
				CLANG_WARN_INFINITE_RECURSION = YES;
				CLANG_WARN_INT_CONVERSION = YES;
				CLANG_WARN_NON_LITERAL_NULL_CONVERSION = YES;
				CLANG_WARN_OBJC_IMPLICIT_RETAIN_SELF = YES;
				CLANG_WARN_OBJC_LITERAL_CONVERSION = YES;
				CLANG_WARN_OBJC_ROOT_CLASS = YES_ERROR;
				CLANG_WARN_RANGE_LOOP_ANALYSIS = YES;
				CLANG_WARN_STRICT_PROTOTYPES = YES;
				CLANG_WARN_SUSPICIOUS_MOVE = YES;
				CLANG_WARN_UNGUARDED_AVAILABILITY = YES_AGGRESSIVE;
				CLANG_WARN_UNREACHABLE_CODE = YES;
				CLANG_WARN__DUPLICATE_METHOD_MATCH = YES;
				COPY_PHASE_STRIP = NO;
				DEBUG_INFORMATION_FORMAT = "dwarf-with-dsym";
				ENABLE_NS_ASSERTIONS = NO;
				ENABLE_STRICT_OBJC_MSGSEND = YES;
				GCC_C_LANGUAGE_STANDARD = gnu11;
				GCC_NO_COMMON_BLOCKS = YES;
				GCC_WARN_64_TO_32_BIT_CONVERSION = YES;
				GCC_WARN_ABOUT_RETURN_TYPE = YES_ERROR;
				GCC_WARN_UNDECLARED_SELECTOR = YES;
				GCC_WARN_UNINITIALIZED_AUTOS = YES_AGGRESSIVE;
				GCC_WARN_UNUSED_FUNCTION = YES;
				GCC_WARN_UNUSED_VARIABLE = YES;
				IPHONEOS_DEPLOYMENT_TARGET = 13.0;
				MTL_ENABLE_DEBUG_INFO = NO;
				MTL_FAST_MATH = YES;
				SDKROOT = iphoneos;
				SWIFT_COMPILATION_MODE = wholemodule;
				SWIFT_OPTIMIZATION_LEVEL = "-O";
				VALIDATE_PRODUCT = YES;
			};
			name = Release;
		};
		8DBA5BF322C1A9D900A429D4 /* Debug */ = {
			isa = XCBuildConfiguration;
			buildSettings = {
				ASSETCATALOG_COMPILER_APPICON_NAME = AppIcon;
				CODE_SIGN_STYLE = Automatic;
				DEVELOPMENT_ASSET_PATHS = "Demo-Gestures/Preview\\ Content";
				DEVELOPMENT_TEAM = B2Q8EGNCQA;
				ENABLE_PREVIEWS = YES;
				INFOPLIST_FILE = "Demo-Gestures/Info.plist";
				LD_RUNPATH_SEARCH_PATHS = (
					"$(inherited)",
					"@executable_path/Frameworks",
				);
				PRODUCT_BUNDLE_IDENTIFIER = "com.jaberi.Demo-Gestures";
				PRODUCT_NAME = "$(TARGET_NAME)";
				SWIFT_VERSION = 5.0;
				TARGETED_DEVICE_FAMILY = "1,2";
			};
			name = Debug;
		};
		8DBA5BF422C1A9D900A429D4 /* Release */ = {
			isa = XCBuildConfiguration;
			buildSettings = {
				ASSETCATALOG_COMPILER_APPICON_NAME = AppIcon;
				CODE_SIGN_STYLE = Automatic;
				DEVELOPMENT_ASSET_PATHS = "Demo-Gestures/Preview\\ Content";
				DEVELOPMENT_TEAM = B2Q8EGNCQA;
				ENABLE_PREVIEWS = YES;
				INFOPLIST_FILE = "Demo-Gestures/Info.plist";
				LD_RUNPATH_SEARCH_PATHS = (
					"$(inherited)",
					"@executable_path/Frameworks",
				);
				PRODUCT_BUNDLE_IDENTIFIER = "com.jaberi.Demo-Gestures";
				PRODUCT_NAME = "$(TARGET_NAME)";
				SWIFT_VERSION = 5.0;
				TARGETED_DEVICE_FAMILY = "1,2";
			};
			name = Release;
		};
/* End XCBuildConfiguration section */

/* Begin XCConfigurationList section */
		8DBA5BD922C1A9D700A429D4 /* Build configuration list for PBXProject "Demo-Gestures" */ = {
			isa = XCConfigurationList;
			buildConfigurations = (
				8DBA5BF022C1A9D900A429D4 /* Debug */,
				8DBA5BF122C1A9D900A429D4 /* Release */,
			);
			defaultConfigurationIsVisible = 0;
			defaultConfigurationName = Release;
		};
		8DBA5BF222C1A9D900A429D4 /* Build configuration list for PBXNativeTarget "Demo-Gestures" */ = {
			isa = XCConfigurationList;
			buildConfigurations = (
				8DBA5BF322C1A9D900A429D4 /* Debug */,
				8DBA5BF422C1A9D900A429D4 /* Release */,
			);
			defaultConfigurationIsVisible = 0;
			defaultConfigurationName = Release;
		};
/* End XCConfigurationList section */
	};
	rootObject = 8DBA5BD622C1A9D700A429D4 /* Project object */;
}
