// !$*UTF8*$!
{
	archiveVersion = 1;
	classes = {
	};
	objectVersion = 50;
	objects = {

/* Begin PBXBuildFile section */
		8D4ADF6822E086B500876BBD /* AppDelegate.swift in Sources */ = {isa = PBXBuildFile; fileRef = 8D4ADF6722E086B500876BBD /* AppDelegate.swift */; };
		8D4ADF6A22E086B500876BBD /* SceneDelegate.swift in Sources */ = {isa = PBXBuildFile; fileRef = 8D4ADF6922E086B500876BBD /* SceneDelegate.swift */; };
		8D4ADF6C22E086B500876BBD /* ContentView.swift in Sources */ = {isa = PBXBuildFile; fileRef = 8D4ADF6B22E086B500876BBD /* ContentView.swift */; };
		8D4ADF6E22E086B700876BBD /* Assets.xcassets in Resources */ = {isa = PBXBuildFile; fileRef = 8D4ADF6D22E086B700876BBD /* Assets.xcassets */; };
		8D4ADF7122E086B700876BBD /* Preview Assets.xcassets in Resources */ = {isa = PBXBuildFile; fileRef = 8D4ADF7022E086B700876BBD /* Preview Assets.xcassets */; };
		8D4ADF7422E086B700876BBD /* LaunchScreen.storyboard in Resources */ = {isa = PBXBuildFile; fileRef = 8D4ADF7222E086B700876BBD /* LaunchScreen.storyboard */; };
		8D4ADF7C22E08BE400876BBD /* FlagDetailView.swift in Sources */ = {isa = PBXBuildFile; fileRef = 8D4ADF7B22E08BE400876BBD /* FlagDetailView.swift */; };
		8DA556FB22E2B0F6003B8975 /* FlagViewModel.swift in Sources */ = {isa = PBXBuildFile; fileRef = 8DA556FA22E2B0F6003B8975 /* FlagViewModel.swift */; };
/* End PBXBuildFile section */

/* Begin PBXFileReference section */
		8D4ADF6422E086B500876BBD /* FlagsOfTheWorld.app */ = {isa = PBXFileReference; explicitFileType = wrapper.application; includeInIndex = 0; path = FlagsOfTheWorld.app; sourceTree = BUILT_PRODUCTS_DIR; };
		8D4ADF6722E086B500876BBD /* AppDelegate.swift */ = {isa = PBXFileReference; lastKnownFileType = sourcecode.swift; path = AppDelegate.swift; sourceTree = "<group>"; };
		8D4ADF6922E086B500876BBD /* SceneDelegate.swift */ = {isa = PBXFileReference; lastKnownFileType = sourcecode.swift; path = SceneDelegate.swift; sourceTree = "<group>"; };
		8D4ADF6B22E086B500876BBD /* ContentView.swift */ = {isa = PBXFileReference; lastKnownFileType = sourcecode.swift; path = ContentView.swift; sourceTree = "<group>"; };
		8D4ADF6D22E086B700876BBD /* Assets.xcassets */ = {isa = PBXFileReference; lastKnownFileType = folder.assetcatalog; path = Assets.xcassets; sourceTree = "<group>"; };
		8D4ADF7022E086B700876BBD /* Preview Assets.xcassets */ = {isa = PBXFileReference; lastKnownFileType = folder.assetcatalog; path = "Preview Assets.xcassets"; sourceTree = "<group>"; };
		8D4ADF7322E086B700876BBD /* Base */ = {isa = PBXFileReference; lastKnownFileType = file.storyboard; name = Base; path = Base.lproj/LaunchScreen.storyboard; sourceTree = "<group>"; };
		8D4ADF7522E086B700876BBD /* Info.plist */ = {isa = PBXFileReference; lastKnownFileType = text.plist.xml; path = Info.plist; sourceTree = "<group>"; };
		8D4ADF7B22E08BE400876BBD /* FlagDetailView.swift */ = {isa = PBXFileReference; lastKnownFileType = sourcecode.swift; path = FlagDetailView.swift; sourceTree = "<group>"; };
		8DA556FA22E2B0F6003B8975 /* FlagViewModel.swift */ = {isa = PBXFileReference; lastKnownFileType = sourcecode.swift; name = FlagViewModel.swift; path = ../../../../../System/Volumes/Data/Users/azamsharp/Downloads/FlagsOfTheWorld/FlagsOfTheWorld/FlagViewModel.swift; sourceTree = "<group>"; };
/* End PBXFileReference section */

/* Begin PBXFrameworksBuildPhase section */
		8D4ADF6122E086B500876BBD /* Frameworks */ = {
			isa = PBXFrameworksBuildPhase;
			buildActionMask = 2147483647;
			files = (
			);
			runOnlyForDeploymentPostprocessing = 0;
		};
/* End PBXFrameworksBuildPhase section */

/* Begin PBXGroup section */
		8D4ADF5B22E086B500876BBD = {
			isa = PBXGroup;
			children = (
				8D4ADF6622E086B500876BBD /* FlagsOfTheWorld */,
				8D4ADF6522E086B500876BBD /* Products */,
			);
			sourceTree = "<group>";
		};
		8D4ADF6522E086B500876BBD /* Products */ = {
			isa = PBXGroup;
			children = (
				8D4ADF6422E086B500876BBD /* FlagsOfTheWorld.app */,
			);
			name = Products;
			sourceTree = "<group>";
		};
		8D4ADF6622E086B500876BBD /* FlagsOfTheWorld */ = {
			isa = PBXGroup;
			children = (
				8D4ADF6722E086B500876BBD /* AppDelegate.swift */,
				8D4ADF6922E086B500876BBD /* SceneDelegate.swift */,
				8D4ADF6B22E086B500876BBD /* ContentView.swift */,
				8D4ADF6D22E086B700876BBD /* Assets.xcassets */,
				8D4ADF7222E086B700876BBD /* LaunchScreen.storyboard */,
				8D4ADF7522E086B700876BBD /* Info.plist */,
				8D4ADF6F22E086B700876BBD /* Preview Content */,
				8D4ADF7B22E08BE400876BBD /* FlagDetailView.swift */,
				8DA556FA22E2B0F6003B8975 /* FlagViewModel.swift */,
			);
			path = FlagsOfTheWorld;
			sourceTree = "<group>";
		};
		8D4ADF6F22E086B700876BBD /* Preview Content */ = {
			isa = PBXGroup;
			children = (
				8D4ADF7022E086B700876BBD /* Preview Assets.xcassets */,
			);
			path = "Preview Content";
			sourceTree = "<group>";
		};
/* End PBXGroup section */

/* Begin PBXNativeTarget section */
		8D4ADF6322E086B500876BBD /* FlagsOfTheWorld */ = {
			isa = PBXNativeTarget;
			buildConfigurationList = 8D4ADF7822E086B700876BBD /* Build configuration list for PBXNativeTarget "FlagsOfTheWorld" */;
			buildPhases = (
				8D4ADF6022E086B500876BBD /* Sources */,
				8D4ADF6122E086B500876BBD /* Frameworks */,
				8D4ADF6222E086B500876BBD /* Resources */,
			);
			buildRules = (
			);
			dependencies = (
			);
			name = FlagsOfTheWorld;
			productName = FlagsOfTheWorld;
			productReference = 8D4ADF6422E086B500876BBD /* FlagsOfTheWorld.app */;
			productType = "com.apple.product-type.application";
		};
/* End PBXNativeTarget section */

/* Begin PBXProject section */
		8D4ADF5C22E086B500876BBD /* Project object */ = {
			isa = PBXProject;
			attributes = {
				LastSwiftUpdateCheck = 1100;
				LastUpgradeCheck = 1100;
				ORGANIZATIONNAME = "Mohammad Azam";
				TargetAttributes = {
					8D4ADF6322E086B500876BBD = {
						CreatedOnToolsVersion = 11.0;
					};
				};
			};
			buildConfigurationList = 8D4ADF5F22E086B500876BBD /* Build configuration list for PBXProject "FlagsOfTheWorld" */;
			compatibilityVersion = "Xcode 9.3";
			developmentRegion = en;
			hasScannedForEncodings = 0;
			knownRegions = (
				en,
				Base,
			);
			mainGroup = 8D4ADF5B22E086B500876BBD;
			productRefGroup = 8D4ADF6522E086B500876BBD /* Products */;
			projectDirPath = "";
			projectRoot = "";
			targets = (
				8D4ADF6322E086B500876BBD /* FlagsOfTheWorld */,
			);
		};
/* End PBXProject section */

/* Begin PBXResourcesBuildPhase section */
		8D4ADF6222E086B500876BBD /* Resources */ = {
			isa = PBXResourcesBuildPhase;
			buildActionMask = 2147483647;
			files = (
				8D4ADF7422E086B700876BBD /* LaunchScreen.storyboard in Resources */,
				8D4ADF7122E086B700876BBD /* Preview Assets.xcassets in Resources */,
				8D4ADF6E22E086B700876BBD /* Assets.xcassets in Resources */,
			);
			runOnlyForDeploymentPostprocessing = 0;
		};
/* End PBXResourcesBuildPhase section */

/* Begin PBXSourcesBuildPhase section */
		8D4ADF6022E086B500876BBD /* Sources */ = {
			isa = PBXSourcesBuildPhase;
			buildActionMask = 2147483647;
			files = (
				8DA556FB22E2B0F6003B8975 /* FlagViewModel.swift in Sources */,
				8D4ADF6822E086B500876BBD /* AppDelegate.swift in Sources */,
				8D4ADF6A22E086B500876BBD /* SceneDelegate.swift in Sources */,
				8D4ADF6C22E086B500876BBD /* ContentView.swift in Sources */,
				8D4ADF7C22E08BE400876BBD /* FlagDetailView.swift in Sources */,
			);
			runOnlyForDeploymentPostprocessing = 0;
		};
/* End PBXSourcesBuildPhase section */

/* Begin PBXVariantGroup section */
		8D4ADF7222E086B700876BBD /* LaunchScreen.storyboard */ = {
			isa = PBXVariantGroup;
			children = (
				8D4ADF7322E086B700876BBD /* Base */,
			);
			name = LaunchScreen.storyboard;
			sourceTree = "<group>";
		};
/* End PBXVariantGroup section */

/* Begin XCBuildConfiguration section */
		8D4ADF7622E086B700876BBD /* Debug */ = {
			isa = XCBuildConfiguration;
			buildSettings = {
				ALWAYS_SEARCH_USER_PATHS = NO;
				CLANG_ANALYZER_NONNULL = YES;
				CLANG_ANALYZER_NUMBER_OBJECT_CONVERSION = YES_AGGRESSIVE;
				CLANG_CXX_LANGUAGE_STANDARD = "gnu++14";
				CLANG_CXX_LIBRARY = "libc++";
				CLANG_ENABLE_MODULES = YES;
				CLANG_ENABLE_OBJC_ARC = YES;
				CLANG_ENABLE_OBJC_WEAK = YES;
				CLANG_WARN_BLOCK_CAPTURE_AUTORELEASING = YES;
				CLANG_WARN_BOOL_CONVERSION = YES;
				CLANG_WARN_COMMA = YES;
				CLANG_WARN_CONSTANT_CONVERSION = YES;
				CLANG_WARN_DEPRECATED_OBJC_IMPLEMENTATIONS = YES;
				CLANG_WARN_DIRECT_OBJC_ISA_USAGE = YES_ERROR;
				CLANG_WARN_DOCUMENTATION_COMMENTS = YES;
				CLANG_WARN_EMPTY_BODY = YES;
				CLANG_WARN_ENUM_CONVERSION = YES;
				CLANG_WARN_INFINITE_RECURSION = YES;
				CLANG_WARN_INT_CONVERSION = YES;
				CLANG_WARN_NON_LITERAL_NULL_CONVERSION = YES;
				CLANG_WARN_OBJC_IMPLICIT_RETAIN_SELF = YES;
				CLANG_WARN_OBJC_LITERAL_CONVERSION = YES;
				CLANG_WARN_OBJC_ROOT_CLASS = YES_ERROR;
				CLANG_WARN_RANGE_LOOP_ANALYSIS = YES;
				CLANG_WARN_STRICT_PROTOTYPES = YES;
				CLANG_WARN_SUSPICIOUS_MOVE = YES;
				CLANG_WARN_UNGUARDED_AVAILABILITY = YES_AGGRESSIVE;
				CLANG_WARN_UNREACHABLE_CODE = YES;
				CLANG_WARN__DUPLICATE_METHOD_MATCH = YES;
				COPY_PHASE_STRIP = NO;
				DEBUG_INFORMATION_FORMAT = dwarf;
				ENABLE_STRICT_OBJC_MSGSEND = YES;
				ENABLE_TESTABILITY = YES;
				GCC_C_LANGUAGE_STANDARD = gnu11;
				GCC_DYNAMIC_NO_PIC = NO;
				GCC_NO_COMMON_BLOCKS = YES;
				GCC_OPTIMIZATION_LEVEL = 0;
				GCC_PREPROCESSOR_DEFINITIONS = (
					"DEBUG=1",
					"$(inherited)",
				);
				GCC_WARN_64_TO_32_BIT_CONVERSION = YES;
				GCC_WARN_ABOUT_RETURN_TYPE = YES_ERROR;
				GCC_WARN_UNDECLARED_SELECTOR = YES;
				GCC_WARN_UNINITIALIZED_AUTOS = YES_AGGRESSIVE;
				GCC_WARN_UNUSED_FUNCTION = YES;
				GCC_WARN_UNUSED_VARIABLE = YES;
				IPHONEOS_DEPLOYMENT_TARGET = 13.0;
				MTL_ENABLE_DEBUG_INFO = INCLUDE_SOURCE;
				MTL_FAST_MATH = YES;
				ONLY_ACTIVE_ARCH = YES;
				SDKROOT = iphoneos;
				SWIFT_ACTIVE_COMPILATION_CONDITIONS = DEBUG;
				SWIFT_OPTIMIZATION_LEVEL = "-Onone";
			};
			name = Debug;
		};
		8D4ADF7722E086B700876BBD /* Release */ = {
			isa = XCBuildConfiguration;
			buildSettings = {
				ALWAYS_SEARCH_USER_PATHS = NO;
				CLANG_ANALYZER_NONNULL = YES;
				CLANG_ANALYZER_NUMBER_OBJECT_CONVERSION = YES_AGGRESSIVE;
				CLANG_CXX_LANGUAGE_STANDARD = "gnu++14";
				CLANG_CXX_LIBRARY = "libc++";
				CLANG_ENABLE_MODULES = YES;
				CLANG_ENABLE_OBJC_ARC = YES;
				CLANG_ENABLE_OBJC_WEAK = YES;
				CLANG_WARN_BLOCK_CAPTURE_AUTORELEASING = YES;
				CLANG_WARN_BOOL_CONVERSION = YES;
				CLANG_WARN_COMMA = YES;
				CLANG_WARN_CONSTANT_CONVERSION = YES;
				CLANG_WARN_DEPRECATED_OBJC_IMPLEMENTATIONS = YES;
				CLANG_WARN_DIRECT_OBJC_ISA_USAGE = YES_ERROR;
				CLANG_WARN_DOCUMENTATION_COMMENTS = YES;
				CLANG_WARN_EMPTY_BODY = YES;
				CLANG_WARN_ENUM_CONVERSION = YES;
				CLANG_WARN_INFINITE_RECURSION = YES;
				CLANG_WARN_INT_CONVERSION = YES;
				CLANG_WARN_NON_LITERAL_NULL_CONVERSION = YES;
				CLANG_WARN_OBJC_IMPLICIT_RETAIN_SELF = YES;
				CLANG_WARN_OBJC_LITERAL_CONVERSION = YES;
				CLANG_WARN_OBJC_ROOT_CLASS = YES_ERROR;
				CLANG_WARN_RANGE_LOOP_ANALYSIS = YES;
				CLANG_WARN_STRICT_PROTOTYPES = YES;
				CLANG_WARN_SUSPICIOUS_MOVE = YES;
				CLANG_WARN_UNGUARDED_AVAILABILITY = YES_AGGRESSIVE;
				CLANG_WARN_UNREACHABLE_CODE = YES;
				CLANG_WARN__DUPLICATE_METHOD_MATCH = YES;
				COPY_PHASE_STRIP = NO;
				DEBUG_INFORMATION_FORMAT = "dwarf-with-dsym";
				ENABLE_NS_ASSERTIONS = NO;
				ENABLE_STRICT_OBJC_MSGSEND = YES;
				GCC_C_LANGUAGE_STANDARD = gnu11;
				GCC_NO_COMMON_BLOCKS = YES;
				GCC_WARN_64_TO_32_BIT_CONVERSION = YES;
				GCC_WARN_ABOUT_RETURN_TYPE = YES_ERROR;
				GCC_WARN_UNDECLARED_SELECTOR = YES;
				GCC_WARN_UNINITIALIZED_AUTOS = YES_AGGRESSIVE;
				GCC_WARN_UNUSED_FUNCTION = YES;
				GCC_WARN_UNUSED_VARIABLE = YES;
				IPHONEOS_DEPLOYMENT_TARGET = 13.0;
				MTL_ENABLE_DEBUG_INFO = NO;
				MTL_FAST_MATH = YES;
				SDKROOT = iphoneos;
				SWIFT_COMPILATION_MODE = wholemodule;
				SWIFT_OPTIMIZATION_LEVEL = "-O";
				VALIDATE_PRODUCT = YES;
			};
			name = Release;
		};
		8D4ADF7922E086B700876BBD /* Debug */ = {
			isa = XCBuildConfiguration;
			buildSettings = {
				ASSETCATALOG_COMPILER_APPICON_NAME = AppIcon;
				CODE_SIGN_STYLE = Automatic;
				DEVELOPMENT_ASSET_PATHS = "FlagsOfTheWorld/Preview\\ Content";
				DEVELOPMENT_TEAM = B2Q8EGNCQA;
				ENABLE_PREVIEWS = YES;
				INFOPLIST_FILE = FlagsOfTheWorld/Info.plist;
				LD_RUNPATH_SEARCH_PATHS = (
					"$(inherited)",
					"@executable_path/Frameworks",
				);
				PRODUCT_BUNDLE_IDENTIFIER = com.azamsharp.FlagsOfTheWorld;
				PRODUCT_NAME = "$(TARGET_NAME)";
				SWIFT_VERSION = 5.0;
				TARGETED_DEVICE_FAMILY = "1,2";
			};
			name = Debug;
		};
		8D4ADF7A22E086B700876BBD /* Release */ = {
			isa = XCBuildConfiguration;
			buildSettings = {
				ASSETCATALOG_COMPILER_APPICON_NAME = AppIcon;
				CODE_SIGN_STYLE = Automatic;
				DEVELOPMENT_ASSET_PATHS = "FlagsOfTheWorld/Preview\\ Content";
				DEVELOPMENT_TEAM = B2Q8EGNCQA;
				ENABLE_PREVIEWS = YES;
				INFOPLIST_FILE = FlagsOfTheWorld/Info.plist;
				LD_RUNPATH_SEARCH_PATHS = (
					"$(inherited)",
					"@executable_path/Frameworks",
				);
				PRODUCT_BUNDLE_IDENTIFIER = com.azamsharp.FlagsOfTheWorld;
				PRODUCT_NAME = "$(TARGET_NAME)";
				SWIFT_VERSION = 5.0;
				TARGETED_DEVICE_FAMILY = "1,2";
			};
			name = Release;
		};
/* End XCBuildConfiguration section */

/* Begin XCConfigurationList section */
		8D4ADF5F22E086B500876BBD /* Build configuration list for PBXProject "FlagsOfTheWorld" */ = {
			isa = XCConfigurationList;
			buildConfigurations = (
				8D4ADF7622E086B700876BBD /* Debug */,
				8D4ADF7722E086B700876BBD /* Release */,
			);
			defaultConfigurationIsVisible = 0;
			defaultConfigurationName = Release;
		};
		8D4ADF7822E086B700876BBD /* Build configuration list for PBXNativeTarget "FlagsOfTheWorld" */ = {
			isa = XCConfigurationList;
			buildConfigurations = (
				8D4ADF7922E086B700876BBD /* Debug */,
				8D4ADF7A22E086B700876BBD /* Release */,
			);
			defaultConfigurationIsVisible = 0;
			defaultConfigurationName = Release;
		};
/* End XCConfigurationList section */
	};
	rootObject = 8D4ADF5C22E086B500876BBD /* Project object */;
}
